// !$*UTF8*$!
{
	archiveVersion = 1;
	classes = {
	};
	objectVersion = 46;
	objects = {

/* Begin PBXBuildFile section */
		8D15AC2C0486D014006FF6A4 /* Credits.rtf in Resources */ = {isa = PBXBuildFile; fileRef = 2A37F4B9FDCFA73011CA2CEA /* Credits.rtf */; };
		8D15AC2F0486D014006FF6A4 /* InfoPlist.strings in Resources */ = {isa = PBXBuildFile; fileRef = 089C165FFE840EACC02AAC07 /* InfoPlist.strings */; };
		8D15AC310486D014006FF6A4 /* MyDocument.mm in Sources */ = {isa = PBXBuildFile; fileRef = 2A37F4ACFDCFA73011CA2CEA /* MyDocument.mm */; settings = {ATTRIBUTES = (); }; };
		8D15AC320486D014006FF6A4 /* main.m in Sources */ = {isa = PBXBuildFile; fileRef = 2A37F4B0FDCFA73011CA2CEA /* main.m */; settings = {ATTRIBUTES = (); }; };
		BE03EC9B10E476B10035BF0E /* Localizable.strings in Resources */ = {isa = PBXBuildFile; fileRef = BE03EC9910E476B10035BF0E /* Localizable.strings */; };
		BE47DB500B12DE6C00081BDA /* Carbon.framework in Frameworks */ = {isa = PBXBuildFile; fileRef = BE47DB4E0B12DE6C00081BDA /* Carbon.framework */; };
		BE47DB510B12DE6C00081BDA /* Cocoa.framework in Frameworks */ = {isa = PBXBuildFile; fileRef = BE47DB4F0B12DE6C00081BDA /* Cocoa.framework */; };
		BE6F18ED10F159D400C0FF7F /* tool-main.cpp in Sources */ = {isa = PBXBuildFile; fileRef = BE6F18EC10F159D400C0FF7F /* tool-main.cpp */; };
		BE6F18EE10F15B3300C0FF7F /* ParseCalcLine.cp in Sources */ = {isa = PBXBuildFile; fileRef = BECE6C1509C3A10300DD10E1 /* ParseCalcLine.cp */; };
		BE6F18F110F15BE100C0FF7F /* UTF8ToCFString.cp in Sources */ = {isa = PBXBuildFile; fileRef = BEE0020709CC87EE00E7C5E6 /* UTF8ToCFString.cp */; };
		BE6F18F210F15BE400C0FF7F /* CFStringToUTF8.cp in Sources */ = {isa = PBXBuildFile; fileRef = BEE0020809CC87EE00E7C5E6 /* CFStringToUTF8.cp */; };
		BE6F18F410F15BFB00C0FF7F /* CoreFoundation.framework in Frameworks */ = {isa = PBXBuildFile; fileRef = BE6F18F310F15BFB00C0FF7F /* CoreFoundation.framework */; };
		BE6F192B10F15C5700C0FF7F /* PreventCrashes.cpp in Sources */ = {isa = PBXBuildFile; fileRef = BE6F192A10F15C5700C0FF7F /* PreventCrashes.cpp */; };
		BE6F196F10F16E4000C0FF7F /* CalcTool in Copy Helper Tool */ = {isa = PBXBuildFile; fileRef = BE6F18E410F158A900C0FF7F /* CalcTool */; };
		BE7AA16310FAD22F00FB0522 /* ExponentialTransformer.m in Sources */ = {isa = PBXBuildFile; fileRef = BE7AA16210FAD22F00FB0522 /* ExponentialTransformer.m */; };
		BE7AA18610FAFAC600FB0522 /* NSString_JW.m in Sources */ = {isa = PBXBuildFile; fileRef = BE7AA18510FAFAC600FB0522 /* NSString_JW.m */; };
		BEA2656810E7DBFE00040424 /* Help in Resources */ = {isa = PBXBuildFile; fileRef = BEA2656310E7DBFE00040424 /* Help */; };
		BEB483B410ED969D00A5FBCD /* AppController.m in Sources */ = {isa = PBXBuildFile; fileRef = BEB483B310ED969D00A5FBCD /* AppController.m */; };
		BEB483D310ED9B9400A5FBCD /* NSUserDefaults_JWColorSupport.m in Sources */ = {isa = PBXBuildFile; fileRef = BEB483D210ED9B9400A5FBCD /* NSUserDefaults_JWColorSupport.m */; };
		BECE6C1609C3A10300DD10E1 /* ParseCalcLine.cp in Sources */ = {isa = PBXBuildFile; fileRef = BECE6C1509C3A10300DD10E1 /* ParseCalcLine.cp */; };
		BEE0020A09CC87EE00E7C5E6 /* UTF8ToCFString.cp in Sources */ = {isa = PBXBuildFile; fileRef = BEE0020709CC87EE00E7C5E6 /* UTF8ToCFString.cp */; };
		BEE0020B09CC87EE00E7C5E6 /* CFStringToUTF8.cp in Sources */ = {isa = PBXBuildFile; fileRef = BEE0020809CC87EE00E7C5E6 /* CFStringToUTF8.cp */; };
		BEE0962809C52C600087035A /* doc.icns in Resources */ = {isa = PBXBuildFile; fileRef = BEE0962609C52C600087035A /* doc.icns */; };
		BEE0962909C52C600087035A /* app.icns in Resources */ = {isa = PBXBuildFile; fileRef = BEE0962709C52C600087035A /* app.icns */; };
		BEF3631F10CB32950047ED77 /* MainMenu.xib in Resources */ = {isa = PBXBuildFile; fileRef = BEF3631D10CB32950047ED77 /* MainMenu.xib */; };
		BEF3633110CB32CC0047ED77 /* MyDocument.xib in Resources */ = {isa = PBXBuildFile; fileRef = BEF3632F10CB32CC0047ED77 /* MyDocument.xib */; };
/* End PBXBuildFile section */

/* Begin PBXContainerItemProxy section */
		BE6F196C10F16E1000C0FF7F /* PBXContainerItemProxy */ = {
			isa = PBXContainerItemProxy;
			containerPortal = 2A37F4A9FDCFA73011CA2CEA /* Project object */;
			proxyType = 1;
			remoteGlobalIDString = BE6F18E310F158A900C0FF7F;
			remoteInfo = CalcTool;
		};
/* End PBXContainerItemProxy section */

/* Begin PBXCopyFilesBuildPhase section */
		BE6F197010F16E5E00C0FF7F /* Copy Helper Tool */ = {
			isa = PBXCopyFilesBuildPhase;
			buildActionMask = 2147483647;
			dstPath = "";
			dstSubfolderSpec = 6;
			files = (
				BE6F196F10F16E4000C0FF7F /* CalcTool in Copy Helper Tool */,
			);
			name = "Copy Helper Tool";
			runOnlyForDeploymentPostprocessing = 0;
		};
/* End PBXCopyFilesBuildPhase section */

/* Begin PBXFileReference section */
		089C1660FE840EACC02AAC07 /* InfoPlist.strings */ = {isa = PBXFileReference; fileEncoding = 10; lastKnownFileType = text.plist.strings; name = InfoPlist.strings; path = Resources/English.lproj/InfoPlist.strings; sourceTree = "<group>"; };
		2A37F4ACFDCFA73011CA2CEA /* MyDocument.mm */ = {isa = PBXFileReference; fileEncoding = 4; lastKnownFileType = sourcecode.cpp.objcpp; name = MyDocument.mm; path = "Cocoa source/MyDocument.mm"; sourceTree = "<group>"; };
		2A37F4AEFDCFA73011CA2CEA /* MyDocument.h */ = {isa = PBXFileReference; fileEncoding = 4; lastKnownFileType = sourcecode.c.h; name = MyDocument.h; path = "Cocoa source/MyDocument.h"; sourceTree = "<group>"; };
		2A37F4B0FDCFA73011CA2CEA /* main.m */ = {isa = PBXFileReference; fileEncoding = 4; lastKnownFileType = sourcecode.c.objc; name = main.m; path = "Cocoa source/main.m"; sourceTree = "<group>"; };
		2A37F4BAFDCFA73011CA2CEA /* Credits.rtf */ = {isa = PBXFileReference; lastKnownFileType = text.rtf; name = Credits.rtf; path = Resources/English.lproj/Credits.rtf; sourceTree = "<group>"; };
		32DBCF750370BD2300C91783 /* PlainCalc2_Prefix.pch */ = {isa = PBXFileReference; fileEncoding = 4; lastKnownFileType = sourcecode.c.h; name = PlainCalc2_Prefix.pch; path = "Cocoa source/PlainCalc2_Prefix.pch"; sourceTree = "<group>"; };
		8D15AC360486D014006FF6A4 /* Info.plist */ = {isa = PBXFileReference; fileEncoding = 4; lastKnownFileType = text.plist.xml; name = Info.plist; path = Resources/Info.plist; sourceTree = "<group>"; };
		8D15AC370486D014006FF6A4 /* PlainCalc.app */ = {isa = PBXFileReference; explicitFileType = wrapper.application; includeInIndex = 0; path = PlainCalc.app; sourceTree = BUILT_PRODUCTS_DIR; };
		BE03EC9A10E476B10035BF0E /* English */ = {isa = PBXFileReference; fileEncoding = 4; lastKnownFileType = text.plist.strings; name = English; path = Resources/English.lproj/Localizable.strings; sourceTree = "<group>"; };
		BE47DB4E0B12DE6C00081BDA /* Carbon.framework */ = {isa = PBXFileReference; lastKnownFileType = wrapper.framework; name = Carbon.framework; path = /Developer/SDKs/MacOSX10.4u.sdk/System/Library/Frameworks/Carbon.framework; sourceTree = "<absolute>"; };
		BE47DB4F0B12DE6C00081BDA /* Cocoa.framework */ = {isa = PBXFileReference; lastKnownFileType = wrapper.framework; name = Cocoa.framework; path = /Developer/SDKs/MacOSX10.4u.sdk/System/Library/Frameworks/Cocoa.framework; sourceTree = "<absolute>"; };
		BE47DB5D0B12DF3200081BDA /* PlainCalc.xcconfig */ = {isa = PBXFileReference; fileEncoding = 4; lastKnownFileType = text.xcconfig; path = PlainCalc.xcconfig; sourceTree = "<group>"; };
		BE6F18E410F158A900C0FF7F /* CalcTool */ = {isa = PBXFileReference; explicitFileType = "compiled.mach-o.executable"; includeInIndex = 0; path = CalcTool; sourceTree = BUILT_PRODUCTS_DIR; };
		BE6F18EB10F159D400C0FF7F /* tool-main.h */ = {isa = PBXFileReference; fileEncoding = 4; lastKnownFileType = sourcecode.c.h; name = "tool-main.h"; path = "Source/tool-main.h"; sourceTree = "<group>"; };
		BE6F18EC10F159D400C0FF7F /* tool-main.cpp */ = {isa = PBXFileReference; fileEncoding = 4; lastKnownFileType = sourcecode.cpp.cpp; name = "tool-main.cpp"; path = "Source/tool-main.cpp"; sourceTree = "<group>"; };
		BE6F18F310F15BFB00C0FF7F /* CoreFoundation.framework */ = {isa = PBXFileReference; lastKnownFileType = wrapper.framework; name = CoreFoundation.framework; path = System/Library/Frameworks/CoreFoundation.framework; sourceTree = SDKROOT; };
		BE6F192910F15C5700C0FF7F /* PreventCrashes.h */ = {isa = PBXFileReference; fileEncoding = 4; lastKnownFileType = sourcecode.c.h; name = PreventCrashes.h; path = Source/PreventCrashes.h; sourceTree = "<group>"; };
		BE6F192A10F15C5700C0FF7F /* PreventCrashes.cpp */ = {isa = PBXFileReference; fileEncoding = 4; lastKnownFileType = sourcecode.cpp.cpp; name = PreventCrashes.cpp; path = Source/PreventCrashes.cpp; sourceTree = "<group>"; };
		BE7AA16110FAD22F00FB0522 /* ExponentialTransformer.h */ = {isa = PBXFileReference; fileEncoding = 4; lastKnownFileType = sourcecode.c.h; name = ExponentialTransformer.h; path = "Cocoa source/ExponentialTransformer.h"; sourceTree = "<group>"; };
		BE7AA16210FAD22F00FB0522 /* ExponentialTransformer.m */ = {isa = PBXFileReference; fileEncoding = 4; lastKnownFileType = sourcecode.c.objc; name = ExponentialTransformer.m; path = "Cocoa source/ExponentialTransformer.m"; sourceTree = "<group>"; };
		BE7AA18410FAFAC600FB0522 /* NSString_JW.h */ = {isa = PBXFileReference; fileEncoding = 4; lastKnownFileType = sourcecode.c.h; name = NSString_JW.h; path = "Cocoa source/NSString_JW.h"; sourceTree = "<group>"; };
		BE7AA18510FAFAC600FB0522 /* NSString_JW.m */ = {isa = PBXFileReference; fileEncoding = 4; lastKnownFileType = sourcecode.c.objc; name = NSString_JW.m; path = "Cocoa source/NSString_JW.m"; sourceTree = "<group>"; };
		BEA2656410E7DBFE00040424 /* English */ = {isa = PBXFileReference; lastKnownFileType = folder; name = English; path = Resources/English.lproj/Help; sourceTree = "<group>"; };
		BEB483B210ED969D00A5FBCD /* AppController.h */ = {isa = PBXFileReference; fileEncoding = 4; lastKnownFileType = sourcecode.c.h; name = AppController.h; path = "Cocoa source/AppController.h"; sourceTree = "<group>"; };
		BEB483B310ED969D00A5FBCD /* AppController.m */ = {isa = PBXFileReference; fileEncoding = 4; lastKnownFileType = sourcecode.c.objc; name = AppController.m; path = "Cocoa source/AppController.m"; sourceTree = "<group>"; };
		BEB483D110ED9B9400A5FBCD /* NSUserDefaults_JWColorSupport.h */ = {isa = PBXFileReference; fileEncoding = 4; lastKnownFileType = sourcecode.c.h; name = NSUserDefaults_JWColorSupport.h; path = "Cocoa source/NSUserDefaults_JWColorSupport.h"; sourceTree = "<group>"; };
		BEB483D210ED9B9400A5FBCD /* NSUserDefaults_JWColorSupport.m */ = {isa = PBXFileReference; fileEncoding = 4; lastKnownFileType = sourcecode.c.objc; name = NSUserDefaults_JWColorSupport.m; path = "Cocoa source/NSUserDefaults_JWColorSupport.m"; sourceTree = "<group>"; };
		BEB4844410EE7EAE00A5FBCD /* Notes.rtf */ = {isa = PBXFileReference; lastKnownFileType = text.rtf; path = Notes.rtf; sourceTree = "<group>"; };
		BECE6C1409C3A10300DD10E1 /* ParseCalcLine.h */ = {isa = PBXFileReference; fileEncoding = 30; lastKnownFileType = sourcecode.c.h; name = ParseCalcLine.h; path = Source/ParseCalcLine.h; sourceTree = "<group>"; };
		BECE6C1509C3A10300DD10E1 /* ParseCalcLine.cp */ = {isa = PBXFileReference; fileEncoding = 30; lastKnownFileType = sourcecode.cpp.cpp; name = ParseCalcLine.cp; path = Source/ParseCalcLine.cp; sourceTree = "<group>"; };
		BEE0020609CC87EE00E7C5E6 /* UTF8ToCFString.h */ = {isa = PBXFileReference; fileEncoding = 30; lastKnownFileType = sourcecode.c.h; name = UTF8ToCFString.h; path = Source/UTF8ToCFString.h; sourceTree = "<group>"; };
		BEE0020709CC87EE00E7C5E6 /* UTF8ToCFString.cp */ = {isa = PBXFileReference; fileEncoding = 30; lastKnownFileType = sourcecode.cpp.cpp; name = UTF8ToCFString.cp; path = Source/UTF8ToCFString.cp; sourceTree = "<group>"; };
		BEE0020809CC87EE00E7C5E6 /* CFStringToUTF8.cp */ = {isa = PBXFileReference; fileEncoding = 30; lastKnownFileType = sourcecode.cpp.cpp; name = CFStringToUTF8.cp; path = Source/CFStringToUTF8.cp; sourceTree = "<group>"; };
		BEE0020909CC87EE00E7C5E6 /* CFStringToUTF8.h */ = {isa = PBXFileReference; fileEncoding = 30; lastKnownFileType = sourcecode.c.h; name = CFStringToUTF8.h; path = Source/CFStringToUTF8.h; sourceTree = "<group>"; };
		BEE0962609C52C600087035A /* doc.icns */ = {isa = PBXFileReference; lastKnownFileType = image.icns; name = doc.icns; path = Resources/doc.icns; sourceTree = "<group>"; };
		BEE0962709C52C600087035A /* app.icns */ = {isa = PBXFileReference; lastKnownFileType = image.icns; name = app.icns; path = Resources/app.icns; sourceTree = "<group>"; };
		BEF3631E10CB32950047ED77 /* English */ = {isa = PBXFileReference; lastKnownFileType = file.xib; name = English; path = Resources/English.lproj/MainMenu.xib; sourceTree = "<group>"; };
		BEF3633010CB32CC0047ED77 /* English */ = {isa = PBXFileReference; lastKnownFileType = file.xib; name = English; path = Resources/English.lproj/MyDocument.xib; sourceTree = "<group>"; };
/* End PBXFileReference section */

/* Begin PBXFrameworksBuildPhase section */
		8D15AC330486D014006FF6A4 /* Frameworks */ = {
			isa = PBXFrameworksBuildPhase;
			buildActionMask = 2147483647;
			files = (
				BE47DB500B12DE6C00081BDA /* Carbon.framework in Frameworks */,
				BE47DB510B12DE6C00081BDA /* Cocoa.framework in Frameworks */,
			);
			runOnlyForDeploymentPostprocessing = 0;
		};
		BE6F18E210F158A900C0FF7F /* Frameworks */ = {
			isa = PBXFrameworksBuildPhase;
			buildActionMask = 2147483647;
			files = (
				BE6F18F410F15BFB00C0FF7F /* CoreFoundation.framework in Frameworks */,
			);
			runOnlyForDeploymentPostprocessing = 0;
		};
/* End PBXFrameworksBuildPhase section */

/* Begin PBXGroup section */
		1058C7A6FEA54F5311CA2CBB /* Linked Frameworks */ = {
			isa = PBXGroup;
			children = (
				BE6F18F310F15BFB00C0FF7F /* CoreFoundation.framework */,
				BE47DB4E0B12DE6C00081BDA /* Carbon.framework */,
				BE47DB4F0B12DE6C00081BDA /* Cocoa.framework */,
			);
			name = "Linked Frameworks";
			sourceTree = "<group>";
		};
		19C28FB0FE9D524F11CA2CBB /* Products */ = {
			isa = PBXGroup;
			children = (
				8D15AC370486D014006FF6A4 /* PlainCalc.app */,
				BE6F18E410F158A900C0FF7F /* CalcTool */,
			);
			name = Products;
			sourceTree = "<group>";
		};
		2A37F4AAFDCFA73011CA2CEA /* PlainCalc2 */ = {
			isa = PBXGroup;
			children = (
				BE47DB5D0B12DF3200081BDA /* PlainCalc.xcconfig */,
				BEB4844410EE7EAE00A5FBCD /* Notes.rtf */,
				2A37F4ABFDCFA73011CA2CEA /* Classes */,
				2A37F4AFFDCFA73011CA2CEA /* Other Sources */,
				2A37F4B8FDCFA73011CA2CEA /* Resources */,
				2A37F4C3FDCFA73011CA2CEA /* Frameworks */,
				19C28FB0FE9D524F11CA2CBB /* Products */,
			);
			name = PlainCalc2;
			sourceTree = "<group>";
		};
		2A37F4ABFDCFA73011CA2CEA /* Classes */ = {
			isa = PBXGroup;
			children = (
				2A37F4AEFDCFA73011CA2CEA /* MyDocument.h */,
				2A37F4ACFDCFA73011CA2CEA /* MyDocument.mm */,
				BEB483B210ED969D00A5FBCD /* AppController.h */,
				BEB483B310ED969D00A5FBCD /* AppController.m */,
				BEB483D110ED9B9400A5FBCD /* NSUserDefaults_JWColorSupport.h */,
				BEB483D210ED9B9400A5FBCD /* NSUserDefaults_JWColorSupport.m */,
				BE7AA18410FAFAC600FB0522 /* NSString_JW.h */,
				BE7AA18510FAFAC600FB0522 /* NSString_JW.m */,
				BE7AA16110FAD22F00FB0522 /* ExponentialTransformer.h */,
				BE7AA16210FAD22F00FB0522 /* ExponentialTransformer.m */,
			);
			name = Classes;
			sourceTree = "<group>";
		};
		2A37F4AFFDCFA73011CA2CEA /* Other Sources */ = {
			isa = PBXGroup;
			children = (
				BECE6C1409C3A10300DD10E1 /* ParseCalcLine.h */,
				BECE6C1509C3A10300DD10E1 /* ParseCalcLine.cp */,
				32DBCF750370BD2300C91783 /* PlainCalc2_Prefix.pch */,
				2A37F4B0FDCFA73011CA2CEA /* main.m */,
				BEE0020609CC87EE00E7C5E6 /* UTF8ToCFString.h */,
				BEE0020709CC87EE00E7C5E6 /* UTF8ToCFString.cp */,
				BEE0020809CC87EE00E7C5E6 /* CFStringToUTF8.cp */,
				BEE0020909CC87EE00E7C5E6 /* CFStringToUTF8.h */,
				BE6F18EB10F159D400C0FF7F /* tool-main.h */,
				BE6F18EC10F159D400C0FF7F /* tool-main.cpp */,
				BE6F192910F15C5700C0FF7F /* PreventCrashes.h */,
				BE6F192A10F15C5700C0FF7F /* PreventCrashes.cpp */,
			);
			name = "Other Sources";
			sourceTree = "<group>";
		};
		2A37F4B8FDCFA73011CA2CEA /* Resources */ = {
			isa = PBXGroup;
			children = (
				BEE0962609C52C600087035A /* doc.icns */,
				BEE0962709C52C600087035A /* app.icns */,
				BEA2656310E7DBFE00040424 /* Help */,
				BE03EC9910E476B10035BF0E /* Localizable.strings */,
				BEF3632F10CB32CC0047ED77 /* MyDocument.xib */,
				BEF3631D10CB32950047ED77 /* MainMenu.xib */,
				2A37F4B9FDCFA73011CA2CEA /* Credits.rtf */,
				8D15AC360486D014006FF6A4 /* Info.plist */,
				089C165FFE840EACC02AAC07 /* InfoPlist.strings */,
			);
			name = Resources;
			sourceTree = "<group>";
		};
		2A37F4C3FDCFA73011CA2CEA /* Frameworks */ = {
			isa = PBXGroup;
			children = (
				1058C7A6FEA54F5311CA2CBB /* Linked Frameworks */,
			);
			name = Frameworks;
			sourceTree = "<group>";
		};
/* End PBXGroup section */

/* Begin PBXNativeTarget section */
		8D15AC270486D014006FF6A4 /* PlainCalc2 */ = {
			isa = PBXNativeTarget;
			buildConfigurationList = C05733C708A9546B00998B17 /* Build configuration list for PBXNativeTarget "PlainCalc2" */;
			buildPhases = (
				8D15AC2B0486D014006FF6A4 /* Resources */,
				8D15AC300486D014006FF6A4 /* Sources */,
				BE6F197010F16E5E00C0FF7F /* Copy Helper Tool */,
				8D15AC330486D014006FF6A4 /* Frameworks */,
			);
			buildRules = (
			);
			dependencies = (
				BE6F196D10F16E1000C0FF7F /* PBXTargetDependency */,
			);
			name = PlainCalc2;
			productInstallPath = "$(HOME)/Applications";
			productName = PlainCalc2;
			productReference = 8D15AC370486D014006FF6A4 /* PlainCalc.app */;
			productType = "com.apple.product-type.application";
		};
		BE6F18E310F158A900C0FF7F /* CalcTool */ = {
			isa = PBXNativeTarget;
			buildConfigurationList = BE6F18E810F158CE00C0FF7F /* Build configuration list for PBXNativeTarget "CalcTool" */;
			buildPhases = (
				BE6F18E110F158A900C0FF7F /* Sources */,
				BE6F18E210F158A900C0FF7F /* Frameworks */,
			);
			buildRules = (
			);
			dependencies = (
			);
			name = CalcTool;
			productName = CalcTool;
			productReference = BE6F18E410F158A900C0FF7F /* CalcTool */;
			productType = "com.apple.product-type.tool";
		};
/* End PBXNativeTarget section */

/* Begin PBXProject section */
		2A37F4A9FDCFA73011CA2CEA /* Project object */ = {
			isa = PBXProject;
			buildConfigurationList = C05733CB08A9546B00998B17 /* Build configuration list for PBXProject "PlainCalc2" */;
			compatibilityVersion = "Xcode 3.2";
			hasScannedForEncodings = 1;
			mainGroup = 2A37F4AAFDCFA73011CA2CEA /* PlainCalc2 */;
			projectDirPath = "";
			projectRoot = "";
			targets = (
				8D15AC270486D014006FF6A4 /* PlainCalc2 */,
				BE6F18E310F158A900C0FF7F /* CalcTool */,
			);
		};
/* End PBXProject section */

/* Begin PBXResourcesBuildPhase section */
		8D15AC2B0486D014006FF6A4 /* Resources */ = {
			isa = PBXResourcesBuildPhase;
			buildActionMask = 2147483647;
			files = (
				8D15AC2C0486D014006FF6A4 /* Credits.rtf in Resources */,
				8D15AC2F0486D014006FF6A4 /* InfoPlist.strings in Resources */,
				BEE0962809C52C600087035A /* doc.icns in Resources */,
				BEE0962909C52C600087035A /* app.icns in Resources */,
				BEF3631F10CB32950047ED77 /* MainMenu.xib in Resources */,
				BEF3633110CB32CC0047ED77 /* MyDocument.xib in Resources */,
				BE03EC9B10E476B10035BF0E /* Localizable.strings in Resources */,
				BEA2656810E7DBFE00040424 /* Help in Resources */,
			);
			runOnlyForDeploymentPostprocessing = 0;
		};
/* End PBXResourcesBuildPhase section */

/* Begin PBXSourcesBuildPhase section */
		8D15AC300486D014006FF6A4 /* Sources */ = {
			isa = PBXSourcesBuildPhase;
			buildActionMask = 2147483647;
			files = (
				8D15AC310486D014006FF6A4 /* MyDocument.mm in Sources */,
				8D15AC320486D014006FF6A4 /* main.m in Sources */,
				BECE6C1609C3A10300DD10E1 /* ParseCalcLine.cp in Sources */,
				BEE0020A09CC87EE00E7C5E6 /* UTF8ToCFString.cp in Sources */,
				BEE0020B09CC87EE00E7C5E6 /* CFStringToUTF8.cp in Sources */,
				BEB483B410ED969D00A5FBCD /* AppController.m in Sources */,
				BEB483D310ED9B9400A5FBCD /* NSUserDefaults_JWColorSupport.m in Sources */,
				BE7AA16310FAD22F00FB0522 /* ExponentialTransformer.m in Sources */,
				BE7AA18610FAFAC600FB0522 /* NSString_JW.m in Sources */,
			);
			runOnlyForDeploymentPostprocessing = 0;
		};
		BE6F18E110F158A900C0FF7F /* Sources */ = {
			isa = PBXSourcesBuildPhase;
			buildActionMask = 2147483647;
			files = (
				BE6F18ED10F159D400C0FF7F /* tool-main.cpp in Sources */,
				BE6F18EE10F15B3300C0FF7F /* ParseCalcLine.cp in Sources */,
				BE6F18F110F15BE100C0FF7F /* UTF8ToCFString.cp in Sources */,
				BE6F18F210F15BE400C0FF7F /* CFStringToUTF8.cp in Sources */,
				BE6F192B10F15C5700C0FF7F /* PreventCrashes.cpp in Sources */,
			);
			runOnlyForDeploymentPostprocessing = 0;
		};
/* End PBXSourcesBuildPhase section */

/* Begin PBXTargetDependency section */
		BE6F196D10F16E1000C0FF7F /* PBXTargetDependency */ = {
			isa = PBXTargetDependency;
			target = BE6F18E310F158A900C0FF7F /* CalcTool */;
			targetProxy = BE6F196C10F16E1000C0FF7F /* PBXContainerItemProxy */;
		};
/* End PBXTargetDependency section */

/* Begin PBXVariantGroup section */
		089C165FFE840EACC02AAC07 /* InfoPlist.strings */ = {
			isa = PBXVariantGroup;
			children = (
				089C1660FE840EACC02AAC07 /* InfoPlist.strings */,
			);
			name = InfoPlist.strings;
			sourceTree = "<group>";
		};
		2A37F4B9FDCFA73011CA2CEA /* Credits.rtf */ = {
			isa = PBXVariantGroup;
			children = (
				2A37F4BAFDCFA73011CA2CEA /* Credits.rtf */,
			);
			name = Credits.rtf;
			sourceTree = "<group>";
		};
		BE03EC9910E476B10035BF0E /* Localizable.strings */ = {
			isa = PBXVariantGroup;
			children = (
				BE03EC9A10E476B10035BF0E /* English */,
			);
			name = Localizable.strings;
			sourceTree = "<group>";
		};
		BEA2656310E7DBFE00040424 /* Help */ = {
			isa = PBXVariantGroup;
			children = (
				BEA2656410E7DBFE00040424 /* English */,
			);
			name = Help;
			sourceTree = "<group>";
		};
		BEF3631D10CB32950047ED77 /* MainMenu.xib */ = {
			isa = PBXVariantGroup;
			children = (
				BEF3631E10CB32950047ED77 /* English */,
			);
			name = MainMenu.xib;
			sourceTree = "<group>";
		};
		BEF3632F10CB32CC0047ED77 /* MyDocument.xib */ = {
			isa = PBXVariantGroup;
			children = (
				BEF3633010CB32CC0047ED77 /* English */,
			);
			name = MyDocument.xib;
			sourceTree = "<group>";
		};
/* End PBXVariantGroup section */

/* Begin XCBuildConfiguration section */
		BE6F18E610F158AA00C0FF7F /* Debug */ = {
			isa = XCBuildConfiguration;
			buildSettings = {
				ALWAYS_SEARCH_USER_PATHS = NO;
				ARCHS = "$(ARCHS_STANDARD_32_BIT)";
				COPY_PHASE_STRIP = NO;
				GCC_C_LANGUAGE_STANDARD = gnu99;
				GCC_DYNAMIC_NO_PIC = YES;
				GCC_ENABLE_SYMBOL_SEPARATION = NO;
				GCC_MODEL_TUNING = G5;
				GCC_OPTIMIZATION_LEVEL = 0;
				INSTALL_PATH = /usr/local/bin;
				ONLY_ACTIVE_ARCH = YES;
				PREBINDING = NO;
				PRODUCT_NAME = CalcTool;
			};
			name = Debug;
		};
		BE6F18E710F158AA00C0FF7F /* Release */ = {
			isa = XCBuildConfiguration;
			buildSettings = {
				ALWAYS_SEARCH_USER_PATHS = NO;
				ARCHS = "$(ARCHS_STANDARD_32_BIT)";
				COPY_PHASE_STRIP = YES;
				DEBUG_INFORMATION_FORMAT = "dwarf-with-dsym";
				GCC_ENABLE_FIX_AND_CONTINUE = NO;
				GCC_MODEL_TUNING = G5;
				INSTALL_PATH = /usr/local/bin;
				PREBINDING = NO;
				PRODUCT_NAME = CalcTool;
				ZERO_LINK = NO;
			};
			name = Release;
		};
		C05733C808A9546B00998B17 /* Debug */ = {
			isa = XCBuildConfiguration;
			buildSettings = {
				GCC_DYNAMIC_NO_PIC = NO;
				GCC_MODEL_TUNING = G5;
				GCC_OPTIMIZATION_LEVEL = 0;
				INSTALL_PATH = "$(HOME)/Applications";
			};
			name = Debug;
		};
		C05733C908A9546B00998B17 /* Release */ = {
			isa = XCBuildConfiguration;
			buildSettings = {
				ARCHS = (
					ppc,
					i386,
				);
				GCC_GENERATE_DEBUGGING_SYMBOLS = NO;
				GCC_MODEL_TUNING = G5;
				INSTALL_PATH = "$(HOME)/Applications";
				STRIP_INSTALLED_PRODUCT = YES;
			};
			name = Release;
		};
		C05733CC08A9546B00998B17 /* Debug */ = {
			isa = XCBuildConfiguration;
			baseConfigurationReference = BE47DB5D0B12DF3200081BDA /* PlainCalc.xcconfig */;
			buildSettings = {
				GCC_PREPROCESSOR_DEFINITIONS_NOT_USED_IN_PRECOMPS = "DEBUGGING=1";
				GCC_WARN_ABOUT_MISSING_PROTOTYPES = YES;
				GCC_WARN_HIDDEN_VIRTUAL_FUNCTIONS = YES;
				GCC_WARN_MISSING_PARENTHESES = YES;
				GCC_WARN_NON_VIRTUAL_DESTRUCTOR = YES;
			};
			name = Debug;
		};
		C05733CD08A9546B00998B17 /* Release */ = {
			isa = XCBuildConfiguration;
			baseConfigurationReference = BE47DB5D0B12DF3200081BDA /* PlainCalc.xcconfig */;
			buildSettings = {
				CODE_SIGN_IDENTITY = "James W. Walker (CS)";
				DEPLOYMENT_POSTPROCESSING = YES;
				GCC_WARN_UNINITIALIZED_AUTOS = YES;
			};
			name = Release;
		};
/* End XCBuildConfiguration section */

/* Begin XCConfigurationList section */
		BE6F18E810F158CE00C0FF7F /* Build configuration list for PBXNativeTarget "CalcTool" */ = {
			isa = XCConfigurationList;
			buildConfigurations = (
				BE6F18E610F158AA00C0FF7F /* Debug */,
				BE6F18E710F158AA00C0FF7F /* Release */,
			);
			defaultConfigurationIsVisible = 0;
			defaultConfigurationName = Release;
		};
		C05733C708A9546B00998B17 /* Build configuration list for PBXNativeTarget "PlainCalc2" */ = {
			isa = XCConfigurationList;
			buildConfigurations = (
				C05733C808A9546B00998B17 /* Debug */,
				C05733C908A9546B00998B17 /* Release */,
			);
			defaultConfigurationIsVisible = 0;
			defaultConfigurationName = Release;
		};
		C05733CB08A9546B00998B17 /* Build configuration list for PBXProject "PlainCalc2" */ = {
			isa = XCConfigurationList;
			buildConfigurations = (
				C05733CC08A9546B00998B17 /* Debug */,
				C05733CD08A9546B00998B17 /* Release */,
			);
			defaultConfigurationIsVisible = 0;
			defaultConfigurationName = Release;
		};
/* End XCConfigurationList section */
	};
	rootObject = 2A37F4A9FDCFA73011CA2CEA /* Project object */;
}
