// !$*UTF8*$!
{
	archiveVersion = 1;
	classes = {
	};
	objectVersion = 53;
	objects = {

/* Begin PBXBuildFile section */
		8D15AC2C0486D014006FF6A4 /* Credits.rtf in Resources */ = {isa = PBXBuildFile; fileRef = 2A37F4B9FDCFA73011CA2CEA /* Credits.rtf */; };
		8D15AC2F0486D014006FF6A4 /* InfoPlist.strings in Resources */ = {isa = PBXBuildFile; fileRef = 089C165FFE840EACC02AAC07 /* InfoPlist.strings */; };
		8D15AC310486D014006FF6A4 /* MyDocument.mm in Sources */ = {isa = PBXBuildFile; fileRef = 2A37F4ACFDCFA73011CA2CEA /* MyDocument.mm */; settings = {ATTRIBUTES = (); }; };
		8D15AC320486D014006FF6A4 /* main.m in Sources */ = {isa = PBXBuildFile; fileRef = 2A37F4B0FDCFA73011CA2CEA /* main.m */; settings = {ATTRIBUTES = (); }; };
		BE03EC9B10E476B10035BF0E /* Localizable.strings in Resources */ = {isa = PBXBuildFile; fileRef = BE03EC9910E476B10035BF0E /* Localizable.strings */; };
		BE1FA5421A55A31C0004741D /* Cocoa.framework in Frameworks */ = {isa = PBXBuildFile; fileRef = BE1FA5411A55A31C0004741D /* Cocoa.framework */; };
		BE4AFBC2247C3C4400466B51 /* index.html in Copy Help */ = {isa = PBXBuildFile; fileRef = BE4AFBC0247C3C4400466B51 /* index.html */; };
		BE4AFBC3247C3C4400466B51 /* app-icon.png in Copy Help */ = {isa = PBXBuildFile; fileRef = BE4AFBC1247C3C4400466B51 /* app-icon.png */; };
		BE622CFB29D23B0B003E9662 /* SFixedSymbols.cpp in Sources */ = {isa = PBXBuildFile; fileRef = BE622CF629D23B0A003E9662 /* SFixedSymbols.cpp */; };
		BE622CFC29D23B0B003E9662 /* SFixedSymbols.cpp in Sources */ = {isa = PBXBuildFile; fileRef = BE622CF629D23B0A003E9662 /* SFixedSymbols.cpp */; };
		BE622CFD29D23B0B003E9662 /* SCalcState.cpp in Sources */ = {isa = PBXBuildFile; fileRef = BE622CF829D23B0A003E9662 /* SCalcState.cpp */; };
		BE622CFE29D23B0B003E9662 /* SCalcState.cpp in Sources */ = {isa = PBXBuildFile; fileRef = BE622CF829D23B0A003E9662 /* SCalcState.cpp */; };
		BE622D0029D23C04003E9662 /* ParseCalcLine.cpp in Sources */ = {isa = PBXBuildFile; fileRef = BE622CFF29D23C04003E9662 /* ParseCalcLine.cpp */; };
		BE622D0129D23C04003E9662 /* ParseCalcLine.cpp in Sources */ = {isa = PBXBuildFile; fileRef = BE622CFF29D23C04003E9662 /* ParseCalcLine.cpp */; };
		BE622D0329D23C45003E9662 /* CFStringToUTF8.cpp in Sources */ = {isa = PBXBuildFile; fileRef = BE622D0229D23C45003E9662 /* CFStringToUTF8.cpp */; };
		BE622D0429D23C45003E9662 /* CFStringToUTF8.cpp in Sources */ = {isa = PBXBuildFile; fileRef = BE622D0229D23C45003E9662 /* CFStringToUTF8.cpp */; };
		BE622D0629D23C4C003E9662 /* UTF8ToCFString.cpp in Sources */ = {isa = PBXBuildFile; fileRef = BE622D0529D23C4C003E9662 /* UTF8ToCFString.cpp */; };
		BE622D0729D23C4C003E9662 /* UTF8ToCFString.cpp in Sources */ = {isa = PBXBuildFile; fileRef = BE622D0529D23C4C003E9662 /* UTF8ToCFString.cpp */; };
		BE622D1929D23D26003E9662 /* DoAssign.cpp in Sources */ = {isa = PBXBuildFile; fileRef = BE622D0B29D23D26003E9662 /* DoAssign.cpp */; };
		BE622D1A29D23D26003E9662 /* DoAssign.cpp in Sources */ = {isa = PBXBuildFile; fileRef = BE622D0B29D23D26003E9662 /* DoAssign.cpp */; };
		BE622D1B29D23D26003E9662 /* DoIf.cpp in Sources */ = {isa = PBXBuildFile; fileRef = BE622D0E29D23D26003E9662 /* DoIf.cpp */; };
		BE622D1C29D23D26003E9662 /* DoIf.cpp in Sources */ = {isa = PBXBuildFile; fileRef = BE622D0E29D23D26003E9662 /* DoIf.cpp */; };
		BE622D1D29D23D26003E9662 /* DoUnaryFunc.cpp in Sources */ = {isa = PBXBuildFile; fileRef = BE622D1029D23D26003E9662 /* DoUnaryFunc.cpp */; };
		BE622D1E29D23D26003E9662 /* DoUnaryFunc.cpp in Sources */ = {isa = PBXBuildFile; fileRef = BE622D1029D23D26003E9662 /* DoUnaryFunc.cpp */; };
		BE622D1F29D23D26003E9662 /* DoDefinedFunc.cpp in Sources */ = {isa = PBXBuildFile; fileRef = BE622D1229D23D26003E9662 /* DoDefinedFunc.cpp */; };
		BE622D2029D23D26003E9662 /* DoDefinedFunc.cpp in Sources */ = {isa = PBXBuildFile; fileRef = BE622D1229D23D26003E9662 /* DoDefinedFunc.cpp */; };
		BE622D2129D23D26003E9662 /* DoDefFunc.cpp in Sources */ = {isa = PBXBuildFile; fileRef = BE622D1329D23D26003E9662 /* DoDefFunc.cpp */; };
		BE622D2229D23D26003E9662 /* DoDefFunc.cpp in Sources */ = {isa = PBXBuildFile; fileRef = BE622D1329D23D26003E9662 /* DoDefFunc.cpp */; };
		BE622D2329D23D26003E9662 /* DoEvaluation.cpp in Sources */ = {isa = PBXBuildFile; fileRef = BE622D1429D23D26003E9662 /* DoEvaluation.cpp */; };
		BE622D2429D23D26003E9662 /* DoEvaluation.cpp in Sources */ = {isa = PBXBuildFile; fileRef = BE622D1429D23D26003E9662 /* DoEvaluation.cpp */; };
		BE622D2529D23D26003E9662 /* DoBinaryFunc.cpp in Sources */ = {isa = PBXBuildFile; fileRef = BE622D1629D23D26003E9662 /* DoBinaryFunc.cpp */; };
		BE622D2629D23D26003E9662 /* DoBinaryFunc.cpp in Sources */ = {isa = PBXBuildFile; fileRef = BE622D1629D23D26003E9662 /* DoBinaryFunc.cpp */; };
		BE622D2729D23D26003E9662 /* DoNegate.cpp in Sources */ = {isa = PBXBuildFile; fileRef = BE622D1729D23D26003E9662 /* DoNegate.cpp */; };
		BE622D2829D23D26003E9662 /* DoNegate.cpp in Sources */ = {isa = PBXBuildFile; fileRef = BE622D1729D23D26003E9662 /* DoNegate.cpp */; };
		BE622D3029D24652003E9662 /* PlainCalcTests.mm in Sources */ = {isa = PBXBuildFile; fileRef = BE622D2F29D24652003E9662 /* PlainCalcTests.mm */; };
		BE622D3B29D24EB4003E9662 /* DoEvaluation.cpp in Sources */ = {isa = PBXBuildFile; fileRef = BE622D1429D23D26003E9662 /* DoEvaluation.cpp */; };
		BE622D3C29D24EB4003E9662 /* DoUnaryFunc.cpp in Sources */ = {isa = PBXBuildFile; fileRef = BE622D1029D23D26003E9662 /* DoUnaryFunc.cpp */; };
		BE622D3D29D24EB4003E9662 /* DoAssign.cpp in Sources */ = {isa = PBXBuildFile; fileRef = BE622D0B29D23D26003E9662 /* DoAssign.cpp */; };
		BE622D3E29D24EB4003E9662 /* DoDefFunc.cpp in Sources */ = {isa = PBXBuildFile; fileRef = BE622D1329D23D26003E9662 /* DoDefFunc.cpp */; };
		BE622D3F29D24EB4003E9662 /* DoIf.cpp in Sources */ = {isa = PBXBuildFile; fileRef = BE622D0E29D23D26003E9662 /* DoIf.cpp */; };
		BE622D4029D24EB4003E9662 /* DoNegate.cpp in Sources */ = {isa = PBXBuildFile; fileRef = BE622D1729D23D26003E9662 /* DoNegate.cpp */; };
		BE622D4129D24EB4003E9662 /* ParseCalcLine.cpp in Sources */ = {isa = PBXBuildFile; fileRef = BE622CFF29D23C04003E9662 /* ParseCalcLine.cpp */; };
		BE622D4229D24EB4003E9662 /* SFixedSymbols.cpp in Sources */ = {isa = PBXBuildFile; fileRef = BE622CF629D23B0A003E9662 /* SFixedSymbols.cpp */; };
		BE622D4329D24EB4003E9662 /* DoDefinedFunc.cpp in Sources */ = {isa = PBXBuildFile; fileRef = BE622D1229D23D26003E9662 /* DoDefinedFunc.cpp */; };
		BE622D4429D24EB4003E9662 /* SCalcState.cpp in Sources */ = {isa = PBXBuildFile; fileRef = BE622CF829D23B0A003E9662 /* SCalcState.cpp */; };
		BE622D4529D24EB4003E9662 /* DoBinaryFunc.cpp in Sources */ = {isa = PBXBuildFile; fileRef = BE622D1629D23D26003E9662 /* DoBinaryFunc.cpp */; };
		BE622D4629D24EF3003E9662 /* UTF8ToCFString.cpp in Sources */ = {isa = PBXBuildFile; fileRef = BE622D0529D23C4C003E9662 /* UTF8ToCFString.cpp */; };
		BE622D4729D24EF3003E9662 /* CFStringToUTF8.cpp in Sources */ = {isa = PBXBuildFile; fileRef = BE622D0229D23C45003E9662 /* CFStringToUTF8.cpp */; };
		BE622D4A29D252D9003E9662 /* CalcStateFunctions.cpp in Sources */ = {isa = PBXBuildFile; fileRef = BE622D4829D252D9003E9662 /* CalcStateFunctions.cpp */; };
		BE622D4B29D252D9003E9662 /* CalcStateFunctions.cpp in Sources */ = {isa = PBXBuildFile; fileRef = BE622D4829D252D9003E9662 /* CalcStateFunctions.cpp */; };
		BE622D4C29D252D9003E9662 /* CalcStateFunctions.cpp in Sources */ = {isa = PBXBuildFile; fileRef = BE622D4829D252D9003E9662 /* CalcStateFunctions.cpp */; };
		BE622D5329D2571B003E9662 /* SFixedSymbols.cpp in Sources */ = {isa = PBXBuildFile; fileRef = BE622CF629D23B0A003E9662 /* SFixedSymbols.cpp */; };
		BE622D5629D2571B003E9662 /* CalcStateFunctions.cpp in Sources */ = {isa = PBXBuildFile; fileRef = BE622D4829D252D9003E9662 /* CalcStateFunctions.cpp */; };
		BE622D5729D2571B003E9662 /* UTF8ToCFString.cpp in Sources */ = {isa = PBXBuildFile; fileRef = BE622D0529D23C4C003E9662 /* UTF8ToCFString.cpp */; };
		BE622D5929D2571B003E9662 /* SCalcState.cpp in Sources */ = {isa = PBXBuildFile; fileRef = BE622CF829D23B0A003E9662 /* SCalcState.cpp */; };
		BE622D5B29D2571B003E9662 /* CFStringToUTF8.cpp in Sources */ = {isa = PBXBuildFile; fileRef = BE622D0229D23C45003E9662 /* CFStringToUTF8.cpp */; };
		BE622D6929D257A8003E9662 /* MiniCalc.cpp in Sources */ = {isa = PBXBuildFile; fileRef = BE622D6729D257A7003E9662 /* MiniCalc.cpp */; };
		BE622D6B29D25945003E9662 /* MiniCalcTests.mm in Sources */ = {isa = PBXBuildFile; fileRef = BE622D6A29D2593A003E9662 /* MiniCalcTests.mm */; };
		BE6F18ED10F159D400C0FF7F /* tool-main.cpp in Sources */ = {isa = PBXBuildFile; fileRef = BE6F18EC10F159D400C0FF7F /* tool-main.cpp */; };
		BE6F18F410F15BFB00C0FF7F /* CoreFoundation.framework in Frameworks */ = {isa = PBXBuildFile; fileRef = BE6F18F310F15BFB00C0FF7F /* CoreFoundation.framework */; };
		BE6F192B10F15C5700C0FF7F /* PreventCrashes.cpp in Sources */ = {isa = PBXBuildFile; fileRef = BE6F192A10F15C5700C0FF7F /* PreventCrashes.cpp */; };
		BE6F196F10F16E4000C0FF7F /* CalcTool in Copy Helper Tool */ = {isa = PBXBuildFile; fileRef = BE6F18E410F158A900C0FF7F /* CalcTool */; settings = {ATTRIBUTES = (CodeSignOnCopy, ); }; };
		BE7AA18610FAFAC600FB0522 /* NSString_JW.m in Sources */ = {isa = PBXBuildFile; fileRef = BE7AA18510FAFAC600FB0522 /* NSString_JW.m */; };
		BE92658429D6256200FA997B /* DoPushMatchedString.cpp in Sources */ = {isa = PBXBuildFile; fileRef = BE92658229D6256200FA997B /* DoPushMatchedString.cpp */; };
		BE92658529D6256200FA997B /* DoPushMatchedString.cpp in Sources */ = {isa = PBXBuildFile; fileRef = BE92658229D6256200FA997B /* DoPushMatchedString.cpp */; };
		BE92658629D6256200FA997B /* DoPushMatchedString.cpp in Sources */ = {isa = PBXBuildFile; fileRef = BE92658229D6256200FA997B /* DoPushMatchedString.cpp */; };
		BEA862FD247B185100F296B1 /* Assets.xcassets in Resources */ = {isa = PBXBuildFile; fileRef = BEA862FC247B185100F296B1 /* Assets.xcassets */; };
		BEB483B410ED969D00A5FBCD /* AppController.m in Sources */ = {isa = PBXBuildFile; fileRef = BEB483B310ED969D00A5FBCD /* AppController.m */; };
		BED6A2EE29D3AB450091BAE4 /* DoAppendNumber.cpp in Sources */ = {isa = PBXBuildFile; fileRef = BED6A2EC29D3AB450091BAE4 /* DoAppendNumber.cpp */; };
		BED6A2EF29D3AB450091BAE4 /* DoAppendNumber.cpp in Sources */ = {isa = PBXBuildFile; fileRef = BED6A2EC29D3AB450091BAE4 /* DoAppendNumber.cpp */; };
		BED6A2F029D3AB450091BAE4 /* DoAppendNumber.cpp in Sources */ = {isa = PBXBuildFile; fileRef = BED6A2EC29D3AB450091BAE4 /* DoAppendNumber.cpp */; };
		BED6A2F129D3AB450091BAE4 /* DoAppendNumber.cpp in Sources */ = {isa = PBXBuildFile; fileRef = BED6A2EC29D3AB450091BAE4 /* DoAppendNumber.cpp */; };
		BEF3631F10CB32950047ED77 /* MainMenu.xib in Resources */ = {isa = PBXBuildFile; fileRef = BEF3631D10CB32950047ED77 /* MainMenu.xib */; };
		BEF3633110CB32CC0047ED77 /* MyDocument.xib in Resources */ = {isa = PBXBuildFile; fileRef = BEF3632F10CB32CC0047ED77 /* MyDocument.xib */; };
/* End PBXBuildFile section */

/* Begin PBXContainerItemProxy section */
		BE6F196C10F16E1000C0FF7F /* PBXContainerItemProxy */ = {
			isa = PBXContainerItemProxy;
			containerPortal = 2A37F4A9FDCFA73011CA2CEA /* Project object */;
			proxyType = 1;
			remoteGlobalIDString = BE6F18E310F158A900C0FF7F;
			remoteInfo = CalcTool;
		};
/* End PBXContainerItemProxy section */

/* Begin PBXCopyFilesBuildPhase section */
		BE4AFBC4247C3C8E00466B51 /* Copy Help */ = {
			isa = PBXCopyFilesBuildPhase;
			buildActionMask = 2147483647;
			dstPath = Help;
			dstSubfolderSpec = 7;
			files = (
				BE4AFBC3247C3C4400466B51 /* app-icon.png in Copy Help */,
				BE4AFBC2247C3C4400466B51 /* index.html in Copy Help */,
			);
			name = "Copy Help";
			runOnlyForDeploymentPostprocessing = 0;
		};
		BE6F197010F16E5E00C0FF7F /* Copy Helper Tool */ = {
			isa = PBXCopyFilesBuildPhase;
			buildActionMask = 2147483647;
			dstPath = Contents/Helpers;
			dstSubfolderSpec = 1;
			files = (
				BE6F196F10F16E4000C0FF7F /* CalcTool in Copy Helper Tool */,
			);
			name = "Copy Helper Tool";
			runOnlyForDeploymentPostprocessing = 0;
		};
/* End PBXCopyFilesBuildPhase section */

/* Begin PBXFileReference section */
		2A37F4ACFDCFA73011CA2CEA /* MyDocument.mm */ = {isa = PBXFileReference; fileEncoding = 4; lastKnownFileType = sourcecode.cpp.objcpp; name = MyDocument.mm; path = "Cocoa source/MyDocument.mm"; sourceTree = "<group>"; };
		2A37F4AEFDCFA73011CA2CEA /* MyDocument.h */ = {isa = PBXFileReference; fileEncoding = 4; lastKnownFileType = sourcecode.c.h; name = MyDocument.h; path = "Cocoa source/MyDocument.h"; sourceTree = "<group>"; };
		2A37F4B0FDCFA73011CA2CEA /* main.m */ = {isa = PBXFileReference; fileEncoding = 4; lastKnownFileType = sourcecode.c.objc; name = main.m; path = "Cocoa source/main.m"; sourceTree = "<group>"; };
		8D15AC370486D014006FF6A4 /* PlainCalc.app */ = {isa = PBXFileReference; explicitFileType = wrapper.application; includeInIndex = 0; path = PlainCalc.app; sourceTree = BUILT_PRODUCTS_DIR; };
		BE1FA5411A55A31C0004741D /* Cocoa.framework */ = {isa = PBXFileReference; lastKnownFileType = wrapper.framework; name = Cocoa.framework; path = System/Library/Frameworks/Cocoa.framework; sourceTree = SDKROOT; };
		BE47DB5D0B12DF3200081BDA /* PlainCalc.xcconfig */ = {isa = PBXFileReference; fileEncoding = 4; lastKnownFileType = text.xcconfig; path = PlainCalc.xcconfig; sourceTree = "<group>"; };
		BE4AFBC0247C3C4400466B51 /* index.html */ = {isa = PBXFileReference; fileEncoding = 4; lastKnownFileType = text.html; path = index.html; sourceTree = "<group>"; };
		BE4AFBC1247C3C4400466B51 /* app-icon.png */ = {isa = PBXFileReference; lastKnownFileType = image.png; path = "app-icon.png"; sourceTree = "<group>"; };
		BE622CE529D236F5003E9662 /* CFStringToUTF8.h */ = {isa = PBXFileReference; fileEncoding = 4; lastKnownFileType = sourcecode.c.h; path = CFStringToUTF8.h; sourceTree = "<group>"; };
		BE622CE729D236F5003E9662 /* UTF8ToCFString.h */ = {isa = PBXFileReference; fileEncoding = 4; lastKnownFileType = sourcecode.c.h; path = UTF8ToCFString.h; sourceTree = "<group>"; };
		BE622CE829D236F5003E9662 /* autoCF.h */ = {isa = PBXFileReference; fileEncoding = 4; lastKnownFileType = sourcecode.c.h; path = autoCF.h; sourceTree = "<group>"; };
		BE622CF629D23B0A003E9662 /* SFixedSymbols.cpp */ = {isa = PBXFileReference; fileEncoding = 4; lastKnownFileType = sourcecode.cpp.cpp; name = SFixedSymbols.cpp; path = Source/SFixedSymbols.cpp; sourceTree = "<group>"; };
		BE622CF729D23B0A003E9662 /* SCalcState.hpp */ = {isa = PBXFileReference; fileEncoding = 4; lastKnownFileType = sourcecode.cpp.h; name = SCalcState.hpp; path = Source/SCalcState.hpp; sourceTree = "<group>"; };
		BE622CF829D23B0A003E9662 /* SCalcState.cpp */ = {isa = PBXFileReference; fileEncoding = 4; lastKnownFileType = sourcecode.cpp.cpp; name = SCalcState.cpp; path = Source/SCalcState.cpp; sourceTree = "<group>"; };
		BE622CF929D23B0A003E9662 /* CalcException.hpp */ = {isa = PBXFileReference; fileEncoding = 4; lastKnownFileType = sourcecode.cpp.h; name = CalcException.hpp; path = Source/CalcException.hpp; sourceTree = "<group>"; };
		BE622CFA29D23B0A003E9662 /* SFixedSymbols.hpp */ = {isa = PBXFileReference; fileEncoding = 4; lastKnownFileType = sourcecode.cpp.h; name = SFixedSymbols.hpp; path = Source/SFixedSymbols.hpp; sourceTree = "<group>"; };
		BE622CFF29D23C04003E9662 /* ParseCalcLine.cpp */ = {isa = PBXFileReference; fileEncoding = 4; lastKnownFileType = sourcecode.cpp.cpp; name = ParseCalcLine.cpp; path = Source/ParseCalcLine.cpp; sourceTree = "<group>"; };
		BE622D0229D23C45003E9662 /* CFStringToUTF8.cpp */ = {isa = PBXFileReference; fileEncoding = 4; lastKnownFileType = sourcecode.cpp.cpp; path = CFStringToUTF8.cpp; sourceTree = "<group>"; };
		BE622D0529D23C4C003E9662 /* UTF8ToCFString.cpp */ = {isa = PBXFileReference; fileEncoding = 4; lastKnownFileType = sourcecode.cpp.cpp; path = UTF8ToCFString.cpp; sourceTree = "<group>"; };
		BE622D0929D23D26003E9662 /* DoDefinedFunc.hpp */ = {isa = PBXFileReference; fileEncoding = 4; lastKnownFileType = sourcecode.cpp.h; path = DoDefinedFunc.hpp; sourceTree = "<group>"; };
		BE622D0A29D23D26003E9662 /* DoDefFunc.hpp */ = {isa = PBXFileReference; fileEncoding = 4; lastKnownFileType = sourcecode.cpp.h; path = DoDefFunc.hpp; sourceTree = "<group>"; };
		BE622D0B29D23D26003E9662 /* DoAssign.cpp */ = {isa = PBXFileReference; fileEncoding = 4; lastKnownFileType = sourcecode.cpp.cpp; path = DoAssign.cpp; sourceTree = "<group>"; };
		BE622D0C29D23D26003E9662 /* DoEvaluation.hpp */ = {isa = PBXFileReference; fileEncoding = 4; lastKnownFileType = sourcecode.cpp.h; path = DoEvaluation.hpp; sourceTree = "<group>"; };
		BE622D0D29D23D26003E9662 /* DoBinaryFunc.hpp */ = {isa = PBXFileReference; fileEncoding = 4; lastKnownFileType = sourcecode.cpp.h; path = DoBinaryFunc.hpp; sourceTree = "<group>"; };
		BE622D0E29D23D26003E9662 /* DoIf.cpp */ = {isa = PBXFileReference; fileEncoding = 4; lastKnownFileType = sourcecode.cpp.cpp; path = DoIf.cpp; sourceTree = "<group>"; };
		BE622D0F29D23D26003E9662 /* DoNegate.hpp */ = {isa = PBXFileReference; fileEncoding = 4; lastKnownFileType = sourcecode.cpp.h; path = DoNegate.hpp; sourceTree = "<group>"; };
		BE622D1029D23D26003E9662 /* DoUnaryFunc.cpp */ = {isa = PBXFileReference; fileEncoding = 4; lastKnownFileType = sourcecode.cpp.cpp; path = DoUnaryFunc.cpp; sourceTree = "<group>"; };
		BE622D1129D23D26003E9662 /* DoUnaryFunc.hpp */ = {isa = PBXFileReference; fileEncoding = 4; lastKnownFileType = sourcecode.cpp.h; path = DoUnaryFunc.hpp; sourceTree = "<group>"; };
		BE622D1229D23D26003E9662 /* DoDefinedFunc.cpp */ = {isa = PBXFileReference; fileEncoding = 4; lastKnownFileType = sourcecode.cpp.cpp; path = DoDefinedFunc.cpp; sourceTree = "<group>"; };
		BE622D1329D23D26003E9662 /* DoDefFunc.cpp */ = {isa = PBXFileReference; fileEncoding = 4; lastKnownFileType = sourcecode.cpp.cpp; path = DoDefFunc.cpp; sourceTree = "<group>"; };
		BE622D1429D23D26003E9662 /* DoEvaluation.cpp */ = {isa = PBXFileReference; fileEncoding = 4; lastKnownFileType = sourcecode.cpp.cpp; path = DoEvaluation.cpp; sourceTree = "<group>"; };
		BE622D1529D23D26003E9662 /* DoAssign.hpp */ = {isa = PBXFileReference; fileEncoding = 4; lastKnownFileType = sourcecode.cpp.h; path = DoAssign.hpp; sourceTree = "<group>"; };
		BE622D1629D23D26003E9662 /* DoBinaryFunc.cpp */ = {isa = PBXFileReference; fileEncoding = 4; lastKnownFileType = sourcecode.cpp.cpp; path = DoBinaryFunc.cpp; sourceTree = "<group>"; };
		BE622D1729D23D26003E9662 /* DoNegate.cpp */ = {isa = PBXFileReference; fileEncoding = 4; lastKnownFileType = sourcecode.cpp.cpp; path = DoNegate.cpp; sourceTree = "<group>"; };
		BE622D1829D23D26003E9662 /* DoIf.hpp */ = {isa = PBXFileReference; fileEncoding = 4; lastKnownFileType = sourcecode.cpp.h; path = DoIf.hpp; sourceTree = "<group>"; };
		BE622D2D29D24651003E9662 /* PlainCalcTests.app */ = {isa = PBXFileReference; explicitFileType = wrapper.cfbundle; includeInIndex = 0; path = PlainCalcTests.app; sourceTree = BUILT_PRODUCTS_DIR; };
		BE622D2F29D24652003E9662 /* PlainCalcTests.mm */ = {isa = PBXFileReference; lastKnownFileType = sourcecode.cpp.objcpp; path = PlainCalcTests.mm; sourceTree = "<group>"; };
		BE622D3729D24BC8003E9662 /* DoBinOp.hpp */ = {isa = PBXFileReference; lastKnownFileType = sourcecode.cpp.h; path = DoBinOp.hpp; sourceTree = "<group>"; };
		BE622D4829D252D9003E9662 /* CalcStateFunctions.cpp */ = {isa = PBXFileReference; lastKnownFileType = sourcecode.cpp.cpp; name = CalcStateFunctions.cpp; path = Source/CalcStateFunctions.cpp; sourceTree = "<group>"; };
		BE622D4929D252D9003E9662 /* CalcStateFunctions.h */ = {isa = PBXFileReference; lastKnownFileType = sourcecode.c.h; name = CalcStateFunctions.h; path = Source/CalcStateFunctions.h; sourceTree = "<group>"; };
		BE622D6529D2571B003E9662 /* MiniCalcTests.app */ = {isa = PBXFileReference; explicitFileType = wrapper.cfbundle; includeInIndex = 0; path = MiniCalcTests.app; sourceTree = BUILT_PRODUCTS_DIR; };
		BE622D6729D257A7003E9662 /* MiniCalc.cpp */ = {isa = PBXFileReference; lastKnownFileType = sourcecode.cpp.cpp; path = MiniCalc.cpp; sourceTree = "<group>"; };
		BE622D6829D257A7003E9662 /* MiniCalc.hpp */ = {isa = PBXFileReference; lastKnownFileType = sourcecode.cpp.h; path = MiniCalc.hpp; sourceTree = "<group>"; };
		BE622D6A29D2593A003E9662 /* MiniCalcTests.mm */ = {isa = PBXFileReference; lastKnownFileType = sourcecode.cpp.objcpp; path = MiniCalcTests.mm; sourceTree = "<group>"; };
		BE622D6C29D25A5D003E9662 /* PlainCalc2.xctestplan */ = {isa = PBXFileReference; lastKnownFileType = text; path = PlainCalc2.xctestplan; sourceTree = "<group>"; };
		BE62AF0429DC92B100ACEC26 /* PlainCalc2-Info.plist */ = {isa = PBXFileReference; lastKnownFileType = text.plist; path = "PlainCalc2-Info.plist"; sourceTree = "<group>"; };
		BE6F18E410F158A900C0FF7F /* CalcTool */ = {isa = PBXFileReference; explicitFileType = "compiled.mach-o.executable"; includeInIndex = 0; path = CalcTool; sourceTree = BUILT_PRODUCTS_DIR; };
		BE6F18EB10F159D400C0FF7F /* tool-main.h */ = {isa = PBXFileReference; fileEncoding = 4; lastKnownFileType = sourcecode.c.h; name = "tool-main.h"; path = "Source/tool-main.h"; sourceTree = "<group>"; };
		BE6F18EC10F159D400C0FF7F /* tool-main.cpp */ = {isa = PBXFileReference; fileEncoding = 4; lastKnownFileType = sourcecode.cpp.cpp; name = "tool-main.cpp"; path = "Source/tool-main.cpp"; sourceTree = "<group>"; };
		BE6F18F310F15BFB00C0FF7F /* CoreFoundation.framework */ = {isa = PBXFileReference; lastKnownFileType = wrapper.framework; name = CoreFoundation.framework; path = System/Library/Frameworks/CoreFoundation.framework; sourceTree = SDKROOT; };
		BE6F192910F15C5700C0FF7F /* PreventCrashes.h */ = {isa = PBXFileReference; fileEncoding = 4; lastKnownFileType = sourcecode.c.h; name = PreventCrashes.h; path = Source/PreventCrashes.h; sourceTree = "<group>"; };
		BE6F192A10F15C5700C0FF7F /* PreventCrashes.cpp */ = {isa = PBXFileReference; fileEncoding = 4; lastKnownFileType = sourcecode.cpp.cpp; name = PreventCrashes.cpp; path = Source/PreventCrashes.cpp; sourceTree = "<group>"; };
		BE7AA18410FAFAC600FB0522 /* NSString_JW.h */ = {isa = PBXFileReference; fileEncoding = 4; lastKnownFileType = sourcecode.c.h; name = NSString_JW.h; path = "Cocoa source/NSString_JW.h"; sourceTree = "<group>"; };
		BE7AA18510FAFAC600FB0522 /* NSString_JW.m */ = {isa = PBXFileReference; fileEncoding = 4; lastKnownFileType = sourcecode.c.objc; name = NSString_JW.m; path = "Cocoa source/NSString_JW.m"; sourceTree = "<group>"; };
		BE92657E29D603F400FA997B /* DoGetMatchedString.hpp */ = {isa = PBXFileReference; lastKnownFileType = sourcecode.cpp.h; path = DoGetMatchedString.hpp; sourceTree = "<group>"; };
		BE92658229D6256200FA997B /* DoPushMatchedString.cpp */ = {isa = PBXFileReference; lastKnownFileType = sourcecode.cpp.cpp; path = DoPushMatchedString.cpp; sourceTree = "<group>"; };
		BE92658329D6256200FA997B /* DoPushMatchedString.hpp */ = {isa = PBXFileReference; lastKnownFileType = sourcecode.cpp.h; path = DoPushMatchedString.hpp; sourceTree = "<group>"; };
		BEA0720A2311EC930037BB53 /* en */ = {isa = PBXFileReference; lastKnownFileType = text.plist.strings; name = en; path = Resources/en.lproj/Localizable.strings; sourceTree = "<group>"; };
		BEA0720D2311ECB70037BB53 /* en */ = {isa = PBXFileReference; lastKnownFileType = text.rtf; name = en; path = Resources/en.lproj/Credits.rtf; sourceTree = "<group>"; };
		BEA0720E2311ECC40037BB53 /* en */ = {isa = PBXFileReference; lastKnownFileType = text.plist.strings; name = en; path = Resources/en.lproj/InfoPlist.strings; sourceTree = "<group>"; };
		BEA862FC247B185100F296B1 /* Assets.xcassets */ = {isa = PBXFileReference; lastKnownFileType = folder.assetcatalog; name = Assets.xcassets; path = Resources/Assets.xcassets; sourceTree = "<group>"; };
		BEA862FE247B39CB00F296B1 /* Base */ = {isa = PBXFileReference; lastKnownFileType = file.xib; name = Base; path = Resources/Base.lproj/MyDocument.xib; sourceTree = "<group>"; };
		BEA862FF247B39CB00F296B1 /* Base */ = {isa = PBXFileReference; lastKnownFileType = file.xib; name = Base; path = Resources/Base.lproj/MainMenu.xib; sourceTree = "<group>"; };
		BEADDF0D29C7AF0C00FCFE95 /* ParseCalcLine.h */ = {isa = PBXFileReference; fileEncoding = 4; lastKnownFileType = sourcecode.c.h; name = ParseCalcLine.h; path = Source/ParseCalcLine.h; sourceTree = "<group>"; };
		BEADDF1129C7B74000FCFE95 /* CalcTool.xcconfig */ = {isa = PBXFileReference; lastKnownFileType = text.xcconfig; path = CalcTool.xcconfig; sourceTree = "<group>"; };
		BEADDF1229C7C2A800FCFE95 /* PlainCalc2.entitlements */ = {isa = PBXFileReference; lastKnownFileType = text.plist.entitlements; path = PlainCalc2.entitlements; sourceTree = "<group>"; };
		BEADDF1329C7C34000FCFE95 /* CalcTool.entitlements */ = {isa = PBXFileReference; lastKnownFileType = text.plist.entitlements; path = CalcTool.entitlements; sourceTree = "<group>"; };
		BEB483B210ED969D00A5FBCD /* AppController.h */ = {isa = PBXFileReference; fileEncoding = 4; lastKnownFileType = sourcecode.c.h; name = AppController.h; path = "Cocoa source/AppController.h"; sourceTree = "<group>"; };
		BEB483B310ED969D00A5FBCD /* AppController.m */ = {isa = PBXFileReference; fileEncoding = 4; lastKnownFileType = sourcecode.c.objc; name = AppController.m; path = "Cocoa source/AppController.m"; sourceTree = "<group>"; };
		BEB4844410EE7EAE00A5FBCD /* Notes.rtf */ = {isa = PBXFileReference; lastKnownFileType = text.rtf; path = Notes.rtf; sourceTree = "<group>"; };
		BEB785E129DDD8B70045270A /* history.md */ = {isa = PBXFileReference; lastKnownFileType = net.daringfireball.markdown; path = history.md; sourceTree = "<group>"; };
		BED6A2EC29D3AB450091BAE4 /* DoAppendNumber.cpp */ = {isa = PBXFileReference; lastKnownFileType = sourcecode.cpp.cpp; path = DoAppendNumber.cpp; sourceTree = "<group>"; };
		BED6A2ED29D3AB450091BAE4 /* DoAppendNumber.hpp */ = {isa = PBXFileReference; lastKnownFileType = sourcecode.cpp.h; path = DoAppendNumber.hpp; sourceTree = "<group>"; };
/* End PBXFileReference section */

/* Begin PBXFrameworksBuildPhase section */
		8D15AC330486D014006FF6A4 /* Frameworks */ = {
			isa = PBXFrameworksBuildPhase;
			buildActionMask = 2147483647;
			files = (
				BE1FA5421A55A31C0004741D /* Cocoa.framework in Frameworks */,
			);
			runOnlyForDeploymentPostprocessing = 0;
		};
		BE622D2A29D24651003E9662 /* Frameworks */ = {
			isa = PBXFrameworksBuildPhase;
			buildActionMask = 2147483647;
			files = (
			);
			runOnlyForDeploymentPostprocessing = 0;
		};
		BE622D6029D2571B003E9662 /* Frameworks */ = {
			isa = PBXFrameworksBuildPhase;
			buildActionMask = 2147483647;
			files = (
			);
			runOnlyForDeploymentPostprocessing = 0;
		};
		BE6F18E210F158A900C0FF7F /* Frameworks */ = {
			isa = PBXFrameworksBuildPhase;
			buildActionMask = 2147483647;
			files = (
				BE6F18F410F15BFB00C0FF7F /* CoreFoundation.framework in Frameworks */,
			);
			runOnlyForDeploymentPostprocessing = 0;
		};
/* End PBXFrameworksBuildPhase section */

/* Begin PBXGroup section */
		1058C7A6FEA54F5311CA2CBB /* Linked Frameworks */ = {
			isa = PBXGroup;
			children = (
				BE1FA5411A55A31C0004741D /* Cocoa.framework */,
				BE6F18F310F15BFB00C0FF7F /* CoreFoundation.framework */,
			);
			name = "Linked Frameworks";
			sourceTree = "<group>";
		};
		19C28FB0FE9D524F11CA2CBB /* Products */ = {
			isa = PBXGroup;
			children = (
				8D15AC370486D014006FF6A4 /* PlainCalc.app */,
				BE6F18E410F158A900C0FF7F /* CalcTool */,
				BE622D2D29D24651003E9662 /* PlainCalcTests.app */,
				BE622D6529D2571B003E9662 /* MiniCalcTests.app */,
			);
			name = Products;
			sourceTree = "<group>";
		};
		2A37F4AAFDCFA73011CA2CEA /* PlainCalc2 */ = {
			isa = PBXGroup;
			children = (
				BE62AF0429DC92B100ACEC26 /* PlainCalc2-Info.plist */,
				BE622D6C29D25A5D003E9662 /* PlainCalc2.xctestplan */,
				BE47DB5D0B12DF3200081BDA /* PlainCalc.xcconfig */,
				BEADDF1129C7B74000FCFE95 /* CalcTool.xcconfig */,
				BEB785E129DDD8B70045270A /* history.md */,
				BEB4844410EE7EAE00A5FBCD /* Notes.rtf */,
				BEADDF0929C7AE1300FCFE95 /* App */,
				BEADDF0829C7AE0100FCFE95 /* CalcTool */,
				BEADDF0B29C7AEE500FCFE95 /* Common */,
				2A37F4B8FDCFA73011CA2CEA /* Resources */,
				BE622D2E29D24652003E9662 /* PlainCalcTests */,
				2A37F4C3FDCFA73011CA2CEA /* Frameworks */,
				19C28FB0FE9D524F11CA2CBB /* Products */,
			);
			name = PlainCalc2;
			sourceTree = "<group>";
		};
		2A37F4B8FDCFA73011CA2CEA /* Resources */ = {
			isa = PBXGroup;
			children = (
				BE4AFBBF247C3C4400466B51 /* Help */,
				BEA862FC247B185100F296B1 /* Assets.xcassets */,
				BE03EC9910E476B10035BF0E /* Localizable.strings */,
				BEF3632F10CB32CC0047ED77 /* MyDocument.xib */,
				BEF3631D10CB32950047ED77 /* MainMenu.xib */,
				2A37F4B9FDCFA73011CA2CEA /* Credits.rtf */,
				089C165FFE840EACC02AAC07 /* InfoPlist.strings */,
			);
			name = Resources;
			sourceTree = "<group>";
		};
		2A37F4C3FDCFA73011CA2CEA /* Frameworks */ = {
			isa = PBXGroup;
			children = (
				1058C7A6FEA54F5311CA2CBB /* Linked Frameworks */,
			);
			name = Frameworks;
			sourceTree = "<group>";
		};
		BE4AFBBF247C3C4400466B51 /* Help */ = {
			isa = PBXGroup;
			children = (
				BE4AFBC0247C3C4400466B51 /* index.html */,
				BE4AFBC1247C3C4400466B51 /* app-icon.png */,
			);
			name = Help;
			path = Resources/Help;
			sourceTree = "<group>";
		};
		BE622CE329D236F5003E9662 /* CoreFoundation Utilities */ = {
			isa = PBXGroup;
			children = (
				BE622D0229D23C45003E9662 /* CFStringToUTF8.cpp */,
				BE622CE529D236F5003E9662 /* CFStringToUTF8.h */,
				BE622D0529D23C4C003E9662 /* UTF8ToCFString.cpp */,
				BE622CE729D236F5003E9662 /* UTF8ToCFString.h */,
				BE622CE829D236F5003E9662 /* autoCF.h */,
			);
			name = "CoreFoundation Utilities";
			path = "Source/CoreFoundation Utilities";
			sourceTree = "<group>";
		};
		BE622D0829D23D26003E9662 /* Action Function Objects */ = {
			isa = PBXGroup;
			children = (
				BED6A2EC29D3AB450091BAE4 /* DoAppendNumber.cpp */,
				BED6A2ED29D3AB450091BAE4 /* DoAppendNumber.hpp */,
				BE622D0B29D23D26003E9662 /* DoAssign.cpp */,
				BE622D1529D23D26003E9662 /* DoAssign.hpp */,
				BE622D1629D23D26003E9662 /* DoBinaryFunc.cpp */,
				BE622D0D29D23D26003E9662 /* DoBinaryFunc.hpp */,
				BE622D3729D24BC8003E9662 /* DoBinOp.hpp */,
				BE622D1329D23D26003E9662 /* DoDefFunc.cpp */,
				BE622D0A29D23D26003E9662 /* DoDefFunc.hpp */,
				BE622D1229D23D26003E9662 /* DoDefinedFunc.cpp */,
				BE622D0929D23D26003E9662 /* DoDefinedFunc.hpp */,
				BE622D1429D23D26003E9662 /* DoEvaluation.cpp */,
				BE622D0C29D23D26003E9662 /* DoEvaluation.hpp */,
				BE92657E29D603F400FA997B /* DoGetMatchedString.hpp */,
				BE622D0E29D23D26003E9662 /* DoIf.cpp */,
				BE622D1829D23D26003E9662 /* DoIf.hpp */,
				BE622D1729D23D26003E9662 /* DoNegate.cpp */,
				BE622D0F29D23D26003E9662 /* DoNegate.hpp */,
				BE92658229D6256200FA997B /* DoPushMatchedString.cpp */,
				BE92658329D6256200FA997B /* DoPushMatchedString.hpp */,
				BE622D1029D23D26003E9662 /* DoUnaryFunc.cpp */,
				BE622D1129D23D26003E9662 /* DoUnaryFunc.hpp */,
			);
			name = "Action Function Objects";
			path = "Source/Action Function Objects";
			sourceTree = "<group>";
		};
		BE622D2E29D24652003E9662 /* PlainCalcTests */ = {
			isa = PBXGroup;
			children = (
				BE622D2F29D24652003E9662 /* PlainCalcTests.mm */,
				BE622D6A29D2593A003E9662 /* MiniCalcTests.mm */,
				BE622D6729D257A7003E9662 /* MiniCalc.cpp */,
				BE622D6829D257A7003E9662 /* MiniCalc.hpp */,
			);
			path = PlainCalcTests;
			sourceTree = "<group>";
		};
		BEADDF0829C7AE0100FCFE95 /* CalcTool */ = {
			isa = PBXGroup;
			children = (
				BEADDF1329C7C34000FCFE95 /* CalcTool.entitlements */,
				BE6F18EB10F159D400C0FF7F /* tool-main.h */,
				BE6F18EC10F159D400C0FF7F /* tool-main.cpp */,
				BE6F192910F15C5700C0FF7F /* PreventCrashes.h */,
				BE6F192A10F15C5700C0FF7F /* PreventCrashes.cpp */,
			);
			name = CalcTool;
			sourceTree = "<group>";
		};
		BEADDF0929C7AE1300FCFE95 /* App */ = {
			isa = PBXGroup;
			children = (
				BEADDF1229C7C2A800FCFE95 /* PlainCalc2.entitlements */,
				2A37F4B0FDCFA73011CA2CEA /* main.m */,
				2A37F4AEFDCFA73011CA2CEA /* MyDocument.h */,
				2A37F4ACFDCFA73011CA2CEA /* MyDocument.mm */,
				BEB483B210ED969D00A5FBCD /* AppController.h */,
				BEB483B310ED969D00A5FBCD /* AppController.m */,
				BE7AA18410FAFAC600FB0522 /* NSString_JW.h */,
				BE7AA18510FAFAC600FB0522 /* NSString_JW.m */,
			);
			name = App;
			sourceTree = "<group>";
		};
		BEADDF0B29C7AEE500FCFE95 /* Common */ = {
			isa = PBXGroup;
			children = (
				BE622D0829D23D26003E9662 /* Action Function Objects */,
				BE622CE329D236F5003E9662 /* CoreFoundation Utilities */,
				BE622CFF29D23C04003E9662 /* ParseCalcLine.cpp */,
				BEADDF0D29C7AF0C00FCFE95 /* ParseCalcLine.h */,
				BE622D4829D252D9003E9662 /* CalcStateFunctions.cpp */,
				BE622D4929D252D9003E9662 /* CalcStateFunctions.h */,
				BE622CF929D23B0A003E9662 /* CalcException.hpp */,
				BE622CF829D23B0A003E9662 /* SCalcState.cpp */,
				BE622CF729D23B0A003E9662 /* SCalcState.hpp */,
				BE622CF629D23B0A003E9662 /* SFixedSymbols.cpp */,
				BE622CFA29D23B0A003E9662 /* SFixedSymbols.hpp */,
			);
			name = Common;
			sourceTree = "<group>";
		};
/* End PBXGroup section */

/* Begin PBXNativeTarget section */
		8D15AC270486D014006FF6A4 /* PlainCalc2 */ = {
			isa = PBXNativeTarget;
			buildConfigurationList = C05733C708A9546B00998B17 /* Build configuration list for PBXNativeTarget "PlainCalc2" */;
			buildPhases = (
				8D15AC2B0486D014006FF6A4 /* Resources */,
				8D15AC300486D014006FF6A4 /* Sources */,
				BE6F197010F16E5E00C0FF7F /* Copy Helper Tool */,
				8D15AC330486D014006FF6A4 /* Frameworks */,
				BE4AFBC4247C3C8E00466B51 /* Copy Help */,
			);
			buildRules = (
			);
			dependencies = (
				BE6F196D10F16E1000C0FF7F /* PBXTargetDependency */,
			);
			name = PlainCalc2;
			productInstallPath = "$(HOME)/Applications";
			productName = PlainCalc2;
			productReference = 8D15AC370486D014006FF6A4 /* PlainCalc.app */;
			productType = "com.apple.product-type.application";
		};
		BE622D2C29D24651003E9662 /* PlainCalcTests */ = {
			isa = PBXNativeTarget;
			buildConfigurationList = BE622D3529D24653003E9662 /* Build configuration list for PBXNativeTarget "PlainCalcTests" */;
			buildPhases = (
				BE622D2929D24651003E9662 /* Sources */,
				BE622D2A29D24651003E9662 /* Frameworks */,
				BE622D2B29D24651003E9662 /* Resources */,
			);
			buildRules = (
			);
			dependencies = (
			);
			name = PlainCalcTests;
			productName = PlainCalcTests;
			productReference = BE622D2D29D24651003E9662 /* PlainCalcTests.app */;
			productType = "com.apple.product-type.bundle.unit-test";
		};
		BE622D4D29D2571B003E9662 /* MiniCalcTests */ = {
			isa = PBXNativeTarget;
			buildConfigurationList = BE622D6229D2571B003E9662 /* Build configuration list for PBXNativeTarget "MiniCalcTests" */;
			buildPhases = (
				BE622D5029D2571B003E9662 /* Sources */,
				BE622D6029D2571B003E9662 /* Frameworks */,
				BE622D6129D2571B003E9662 /* Resources */,
			);
			buildRules = (
			);
			dependencies = (
			);
			name = MiniCalcTests;
			productName = PlainCalcTests;
			productReference = BE622D6529D2571B003E9662 /* MiniCalcTests.app */;
			productType = "com.apple.product-type.bundle.unit-test";
		};
		BE6F18E310F158A900C0FF7F /* CalcTool */ = {
			isa = PBXNativeTarget;
			buildConfigurationList = BE6F18E810F158CE00C0FF7F /* Build configuration list for PBXNativeTarget "CalcTool" */;
			buildPhases = (
				BE6F18E110F158A900C0FF7F /* Sources */,
				BE6F18E210F158A900C0FF7F /* Frameworks */,
			);
			buildRules = (
			);
			dependencies = (
			);
			name = CalcTool;
			productName = CalcTool;
			productReference = BE6F18E410F158A900C0FF7F /* CalcTool */;
			productType = "com.apple.product-type.tool";
		};
/* End PBXNativeTarget section */

/* Begin PBXProject section */
		2A37F4A9FDCFA73011CA2CEA /* Project object */ = {
			isa = PBXProject;
			attributes = {
				BuildIndependentTargetsInParallel = YES;
				LastUpgradeCheck = 1430;
				TargetAttributes = {
					8D15AC270486D014006FF6A4 = {
						DevelopmentTeam = FDHC2KMZ6V;
						ProvisioningStyle = Automatic;
					};
					BE622D2C29D24651003E9662 = {
						CreatedOnToolsVersion = 14.3;
					};
					BE6F18E310F158A900C0FF7F = {
						DevelopmentTeam = FDHC2KMZ6V;
						ProvisioningStyle = Automatic;
					};
				};
			};
			buildConfigurationList = C05733CB08A9546B00998B17 /* Build configuration list for PBXProject "PlainCalc2" */;
			compatibilityVersion = "Xcode 3.2";
			developmentRegion = en;
			hasScannedForEncodings = 1;
			knownRegions = (
				en,
				Base,
			);
			mainGroup = 2A37F4AAFDCFA73011CA2CEA /* PlainCalc2 */;
			projectDirPath = "";
			projectRoot = "";
			targets = (
				8D15AC270486D014006FF6A4 /* PlainCalc2 */,
				BE6F18E310F158A900C0FF7F /* CalcTool */,
				BE622D2C29D24651003E9662 /* PlainCalcTests */,
				BE622D4D29D2571B003E9662 /* MiniCalcTests */,
			);
		};
/* End PBXProject section */

/* Begin PBXResourcesBuildPhase section */
		8D15AC2B0486D014006FF6A4 /* Resources */ = {
			isa = PBXResourcesBuildPhase;
			buildActionMask = 2147483647;
			files = (
				8D15AC2C0486D014006FF6A4 /* Credits.rtf in Resources */,
				8D15AC2F0486D014006FF6A4 /* InfoPlist.strings in Resources */,
				BEF3631F10CB32950047ED77 /* MainMenu.xib in Resources */,
				BEF3633110CB32CC0047ED77 /* MyDocument.xib in Resources */,
				BE03EC9B10E476B10035BF0E /* Localizable.strings in Resources */,
				BEA862FD247B185100F296B1 /* Assets.xcassets in Resources */,
			);
			runOnlyForDeploymentPostprocessing = 0;
		};
		BE622D2B29D24651003E9662 /* Resources */ = {
			isa = PBXResourcesBuildPhase;
			buildActionMask = 2147483647;
			files = (
			);
			runOnlyForDeploymentPostprocessing = 0;
		};
		BE622D6129D2571B003E9662 /* Resources */ = {
			isa = PBXResourcesBuildPhase;
			buildActionMask = 2147483647;
			files = (
			);
			runOnlyForDeploymentPostprocessing = 0;
		};
/* End PBXResourcesBuildPhase section */

/* Begin PBXSourcesBuildPhase section */
		8D15AC300486D014006FF6A4 /* Sources */ = {
			isa = PBXSourcesBuildPhase;
			buildActionMask = 2147483647;
			files = (
				BE622D1B29D23D26003E9662 /* DoIf.cpp in Sources */,
				8D15AC310486D014006FF6A4 /* MyDocument.mm in Sources */,
				BE622D1D29D23D26003E9662 /* DoUnaryFunc.cpp in Sources */,
				BE622D0029D23C04003E9662 /* ParseCalcLine.cpp in Sources */,
				BE622D2129D23D26003E9662 /* DoDefFunc.cpp in Sources */,
				BE622D2529D23D26003E9662 /* DoBinaryFunc.cpp in Sources */,
				8D15AC320486D014006FF6A4 /* main.m in Sources */,
				BED6A2EE29D3AB450091BAE4 /* DoAppendNumber.cpp in Sources */,
				BE622CFD29D23B0B003E9662 /* SCalcState.cpp in Sources */,
				BEB483B410ED969D00A5FBCD /* AppController.m in Sources */,
				BE622D1929D23D26003E9662 /* DoAssign.cpp in Sources */,
				BE622D2729D23D26003E9662 /* DoNegate.cpp in Sources */,
				BE622D2329D23D26003E9662 /* DoEvaluation.cpp in Sources */,
				BE622D0629D23C4C003E9662 /* UTF8ToCFString.cpp in Sources */,
				BE622D0329D23C45003E9662 /* CFStringToUTF8.cpp in Sources */,
				BE622D4A29D252D9003E9662 /* CalcStateFunctions.cpp in Sources */,
				BE92658429D6256200FA997B /* DoPushMatchedString.cpp in Sources */,
				BE622CFB29D23B0B003E9662 /* SFixedSymbols.cpp in Sources */,
				BE622D1F29D23D26003E9662 /* DoDefinedFunc.cpp in Sources */,
				BE7AA18610FAFAC600FB0522 /* NSString_JW.m in Sources */,
			);
			runOnlyForDeploymentPostprocessing = 0;
		};
		BE622D2929D24651003E9662 /* Sources */ = {
			isa = PBXSourcesBuildPhase;
			buildActionMask = 2147483647;
			files = (
				BE622D4129D24EB4003E9662 /* ParseCalcLine.cpp in Sources */,
				BE622D4529D24EB4003E9662 /* DoBinaryFunc.cpp in Sources */,
				BE92658629D6256200FA997B /* DoPushMatchedString.cpp in Sources */,
				BE622D4229D24EB4003E9662 /* SFixedSymbols.cpp in Sources */,
				BE622D3B29D24EB4003E9662 /* DoEvaluation.cpp in Sources */,
				BE622D3E29D24EB4003E9662 /* DoDefFunc.cpp in Sources */,
				BE622D4C29D252D9003E9662 /* CalcStateFunctions.cpp in Sources */,
				BE622D4629D24EF3003E9662 /* UTF8ToCFString.cpp in Sources */,
				BED6A2F029D3AB450091BAE4 /* DoAppendNumber.cpp in Sources */,
				BE622D4329D24EB4003E9662 /* DoDefinedFunc.cpp in Sources */,
				BE622D4429D24EB4003E9662 /* SCalcState.cpp in Sources */,
				BE622D3D29D24EB4003E9662 /* DoAssign.cpp in Sources */,
				BE622D4729D24EF3003E9662 /* CFStringToUTF8.cpp in Sources */,
				BE622D3F29D24EB4003E9662 /* DoIf.cpp in Sources */,
				BE622D4029D24EB4003E9662 /* DoNegate.cpp in Sources */,
				BE622D3029D24652003E9662 /* PlainCalcTests.mm in Sources */,
				BE622D3C29D24EB4003E9662 /* DoUnaryFunc.cpp in Sources */,
			);
			runOnlyForDeploymentPostprocessing = 0;
		};
		BE622D5029D2571B003E9662 /* Sources */ = {
			isa = PBXSourcesBuildPhase;
			buildActionMask = 2147483647;
			files = (
				BE622D5329D2571B003E9662 /* SFixedSymbols.cpp in Sources */,
				BE622D5629D2571B003E9662 /* CalcStateFunctions.cpp in Sources */,
				BE622D5729D2571B003E9662 /* UTF8ToCFString.cpp in Sources */,
				BE622D5929D2571B003E9662 /* SCalcState.cpp in Sources */,
				BE622D6B29D25945003E9662 /* MiniCalcTests.mm in Sources */,
				BE622D5B29D2571B003E9662 /* CFStringToUTF8.cpp in Sources */,
				BE622D6929D257A8003E9662 /* MiniCalc.cpp in Sources */,
				BED6A2F129D3AB450091BAE4 /* DoAppendNumber.cpp in Sources */,
			);
			runOnlyForDeploymentPostprocessing = 0;
		};
		BE6F18E110F158A900C0FF7F /* Sources */ = {
			isa = PBXSourcesBuildPhase;
			buildActionMask = 2147483647;
			files = (
				BE622D2229D23D26003E9662 /* DoDefFunc.cpp in Sources */,
				BED6A2EF29D3AB450091BAE4 /* DoAppendNumber.cpp in Sources */,
				BE622D2829D23D26003E9662 /* DoNegate.cpp in Sources */,
				BE622D2629D23D26003E9662 /* DoBinaryFunc.cpp in Sources */,
				BE622D1E29D23D26003E9662 /* DoUnaryFunc.cpp in Sources */,
				BE622D4B29D252D9003E9662 /* CalcStateFunctions.cpp in Sources */,
				BE622D1C29D23D26003E9662 /* DoIf.cpp in Sources */,
				BE622CFE29D23B0B003E9662 /* SCalcState.cpp in Sources */,
				BE92658529D6256200FA997B /* DoPushMatchedString.cpp in Sources */,
				BE622D0129D23C04003E9662 /* ParseCalcLine.cpp in Sources */,
				BE6F18ED10F159D400C0FF7F /* tool-main.cpp in Sources */,
				BE622CFC29D23B0B003E9662 /* SFixedSymbols.cpp in Sources */,
				BE622D2429D23D26003E9662 /* DoEvaluation.cpp in Sources */,
				BE622D2029D23D26003E9662 /* DoDefinedFunc.cpp in Sources */,
				BE6F192B10F15C5700C0FF7F /* PreventCrashes.cpp in Sources */,
				BE622D1A29D23D26003E9662 /* DoAssign.cpp in Sources */,
				BE622D0429D23C45003E9662 /* CFStringToUTF8.cpp in Sources */,
				BE622D0729D23C4C003E9662 /* UTF8ToCFString.cpp in Sources */,
			);
			runOnlyForDeploymentPostprocessing = 0;
		};
/* End PBXSourcesBuildPhase section */

/* Begin PBXTargetDependency section */
		BE6F196D10F16E1000C0FF7F /* PBXTargetDependency */ = {
			isa = PBXTargetDependency;
			target = BE6F18E310F158A900C0FF7F /* CalcTool */;
			targetProxy = BE6F196C10F16E1000C0FF7F /* PBXContainerItemProxy */;
		};
/* End PBXTargetDependency section */

/* Begin PBXVariantGroup section */
		089C165FFE840EACC02AAC07 /* InfoPlist.strings */ = {
			isa = PBXVariantGroup;
			children = (
				BEA0720E2311ECC40037BB53 /* en */,
			);
			name = InfoPlist.strings;
			sourceTree = "<group>";
		};
		2A37F4B9FDCFA73011CA2CEA /* Credits.rtf */ = {
			isa = PBXVariantGroup;
			children = (
				BEA0720D2311ECB70037BB53 /* en */,
			);
			name = Credits.rtf;
			sourceTree = "<group>";
		};
		BE03EC9910E476B10035BF0E /* Localizable.strings */ = {
			isa = PBXVariantGroup;
			children = (
				BEA0720A2311EC930037BB53 /* en */,
			);
			name = Localizable.strings;
			sourceTree = "<group>";
		};
		BEF3631D10CB32950047ED77 /* MainMenu.xib */ = {
			isa = PBXVariantGroup;
			children = (
				BEA862FF247B39CB00F296B1 /* Base */,
			);
			name = MainMenu.xib;
			sourceTree = "<group>";
		};
		BEF3632F10CB32CC0047ED77 /* MyDocument.xib */ = {
			isa = PBXVariantGroup;
			children = (
				BEA862FE247B39CB00F296B1 /* Base */,
			);
			name = MyDocument.xib;
			sourceTree = "<group>";
		};
/* End PBXVariantGroup section */

/* Begin XCBuildConfiguration section */
		BE622D3329D24653003E9662 /* Debug */ = {
			isa = XCBuildConfiguration;
			buildSettings = {
				CLANG_ANALYZER_NONNULL = YES;
				CLANG_ANALYZER_NUMBER_OBJECT_CONVERSION = YES_AGGRESSIVE;
				CLANG_CXX_LANGUAGE_STANDARD = "gnu++20";
				CLANG_ENABLE_MODULES = YES;
				CLANG_ENABLE_OBJC_ARC = YES;
				CLANG_ENABLE_OBJC_WEAK = YES;
				CLANG_WARN_DIRECT_OBJC_ISA_USAGE = YES_ERROR;
				CLANG_WARN_DOCUMENTATION_COMMENTS = YES;
				CLANG_WARN_OBJC_ROOT_CLASS = YES_ERROR;
				CLANG_WARN_UNGUARDED_AVAILABILITY = YES_AGGRESSIVE;
				CODE_SIGN_STYLE = Automatic;
				COPY_PHASE_STRIP = NO;
				CURRENT_PROJECT_VERSION = 1;
				DEBUG_INFORMATION_FORMAT = dwarf;
				DEVELOPMENT_TEAM = FDHC2KMZ6V;
				GCC_C_LANGUAGE_STANDARD = gnu11;
				GCC_DYNAMIC_NO_PIC = NO;
				GCC_OPTIMIZATION_LEVEL = 0;
				GCC_PREPROCESSOR_DEFINITIONS = (
					"DEBUG=1",
					"$(inherited)",
				);
				GCC_WARN_ABOUT_RETURN_TYPE = YES_ERROR;
				GCC_WARN_UNINITIALIZED_AUTOS = YES_AGGRESSIVE;
				GENERATE_INFOPLIST_FILE = YES;
				IPHONEOS_DEPLOYMENT_TARGET = 16.4;
				MACOSX_DEPLOYMENT_TARGET = 13.2;
				MARKETING_VERSION = 1.0;
				MTL_ENABLE_DEBUG_INFO = INCLUDE_SOURCE;
				MTL_FAST_MATH = YES;
				PRODUCT_BUNDLE_IDENTIFIER = com.jwwalker.PlainCalcTests;
				PRODUCT_NAME = "$(TARGET_NAME)";
				SDKROOT = auto;
				SUPPORTED_PLATFORMS = "iphoneos iphonesimulator macosx";
				SWIFT_EMIT_LOC_STRINGS = NO;
				TARGETED_DEVICE_FAMILY = "1,2";
			};
			name = Debug;
		};
		BE622D3429D24653003E9662 /* Release */ = {
			isa = XCBuildConfiguration;
			buildSettings = {
				CLANG_ANALYZER_NONNULL = YES;
				CLANG_ANALYZER_NUMBER_OBJECT_CONVERSION = YES_AGGRESSIVE;
				CLANG_CXX_LANGUAGE_STANDARD = "gnu++20";
				CLANG_ENABLE_MODULES = YES;
				CLANG_ENABLE_OBJC_ARC = YES;
				CLANG_ENABLE_OBJC_WEAK = YES;
				CLANG_WARN_DIRECT_OBJC_ISA_USAGE = YES_ERROR;
				CLANG_WARN_DOCUMENTATION_COMMENTS = YES;
				CLANG_WARN_OBJC_ROOT_CLASS = YES_ERROR;
				CLANG_WARN_UNGUARDED_AVAILABILITY = YES_AGGRESSIVE;
				CODE_SIGN_STYLE = Automatic;
				COPY_PHASE_STRIP = NO;
				CURRENT_PROJECT_VERSION = 1;
				DEBUG_INFORMATION_FORMAT = "dwarf-with-dsym";
				DEVELOPMENT_TEAM = FDHC2KMZ6V;
				ENABLE_NS_ASSERTIONS = NO;
				GCC_C_LANGUAGE_STANDARD = gnu11;
				GCC_WARN_ABOUT_RETURN_TYPE = YES_ERROR;
				GCC_WARN_UNINITIALIZED_AUTOS = YES_AGGRESSIVE;
				GENERATE_INFOPLIST_FILE = YES;
				IPHONEOS_DEPLOYMENT_TARGET = 16.4;
				MACOSX_DEPLOYMENT_TARGET = 13.2;
				MARKETING_VERSION = 1.0;
				MTL_ENABLE_DEBUG_INFO = NO;
				MTL_FAST_MATH = YES;
				PRODUCT_BUNDLE_IDENTIFIER = com.jwwalker.PlainCalcTests;
				PRODUCT_NAME = "$(TARGET_NAME)";
				SDKROOT = auto;
				SUPPORTED_PLATFORMS = "iphoneos iphonesimulator macosx";
				SWIFT_EMIT_LOC_STRINGS = NO;
				TARGETED_DEVICE_FAMILY = "1,2";
			};
			name = Release;
		};
		BE622D6329D2571B003E9662 /* Debug */ = {
			isa = XCBuildConfiguration;
			buildSettings = {
				CLANG_ANALYZER_NONNULL = YES;
				CLANG_ANALYZER_NUMBER_OBJECT_CONVERSION = YES_AGGRESSIVE;
				CLANG_CXX_LANGUAGE_STANDARD = "gnu++20";
				CLANG_ENABLE_MODULES = YES;
				CLANG_ENABLE_OBJC_ARC = YES;
				CLANG_ENABLE_OBJC_WEAK = YES;
				CLANG_WARN_DIRECT_OBJC_ISA_USAGE = YES_ERROR;
				CLANG_WARN_DOCUMENTATION_COMMENTS = YES;
				CLANG_WARN_OBJC_ROOT_CLASS = YES_ERROR;
				CLANG_WARN_UNGUARDED_AVAILABILITY = YES_AGGRESSIVE;
				CODE_SIGN_STYLE = Automatic;
				COPY_PHASE_STRIP = NO;
				CURRENT_PROJECT_VERSION = 1;
				DEBUG_INFORMATION_FORMAT = dwarf;
				DEVELOPMENT_TEAM = FDHC2KMZ6V;
				GCC_C_LANGUAGE_STANDARD = gnu11;
				GCC_DYNAMIC_NO_PIC = NO;
				GCC_OPTIMIZATION_LEVEL = 0;
				GCC_PREPROCESSOR_DEFINITIONS = (
					"DEBUG=1",
					"$(inherited)",
				);
				GCC_WARN_ABOUT_RETURN_TYPE = YES_ERROR;
				GCC_WARN_UNINITIALIZED_AUTOS = YES_AGGRESSIVE;
				GENERATE_INFOPLIST_FILE = YES;
				IPHONEOS_DEPLOYMENT_TARGET = 16.4;
				MACOSX_DEPLOYMENT_TARGET = 12.0;
				MARKETING_VERSION = 1.0;
				MTL_ENABLE_DEBUG_INFO = INCLUDE_SOURCE;
				MTL_FAST_MATH = YES;
				PRODUCT_BUNDLE_IDENTIFIER = com.jwwalker.PlainCalcTests;
				PRODUCT_NAME = "$(TARGET_NAME)";
				SDKROOT = auto;
				SUPPORTED_PLATFORMS = "iphoneos iphonesimulator macosx";
				SWIFT_EMIT_LOC_STRINGS = NO;
				TARGETED_DEVICE_FAMILY = "1,2";
			};
			name = Debug;
		};
		BE622D6429D2571B003E9662 /* Release */ = {
			isa = XCBuildConfiguration;
			buildSettings = {
				CLANG_ANALYZER_NONNULL = YES;
				CLANG_ANALYZER_NUMBER_OBJECT_CONVERSION = YES_AGGRESSIVE;
				CLANG_CXX_LANGUAGE_STANDARD = "gnu++20";
				CLANG_ENABLE_MODULES = YES;
				CLANG_ENABLE_OBJC_ARC = YES;
				CLANG_ENABLE_OBJC_WEAK = YES;
				CLANG_WARN_DIRECT_OBJC_ISA_USAGE = YES_ERROR;
				CLANG_WARN_DOCUMENTATION_COMMENTS = YES;
				CLANG_WARN_OBJC_ROOT_CLASS = YES_ERROR;
				CLANG_WARN_UNGUARDED_AVAILABILITY = YES_AGGRESSIVE;
				CODE_SIGN_STYLE = Automatic;
				COPY_PHASE_STRIP = NO;
				CURRENT_PROJECT_VERSION = 1;
				DEBUG_INFORMATION_FORMAT = "dwarf-with-dsym";
				DEVELOPMENT_TEAM = FDHC2KMZ6V;
				ENABLE_NS_ASSERTIONS = NO;
				GCC_C_LANGUAGE_STANDARD = gnu11;
				GCC_WARN_ABOUT_RETURN_TYPE = YES_ERROR;
				GCC_WARN_UNINITIALIZED_AUTOS = YES_AGGRESSIVE;
				GENERATE_INFOPLIST_FILE = YES;
				IPHONEOS_DEPLOYMENT_TARGET = 16.4;
				MACOSX_DEPLOYMENT_TARGET = 12.0;
				MARKETING_VERSION = 1.0;
				MTL_ENABLE_DEBUG_INFO = NO;
				MTL_FAST_MATH = YES;
				PRODUCT_BUNDLE_IDENTIFIER = com.jwwalker.PlainCalcTests;
				PRODUCT_NAME = "$(TARGET_NAME)";
				SDKROOT = auto;
				SUPPORTED_PLATFORMS = "iphoneos iphonesimulator macosx";
				SWIFT_EMIT_LOC_STRINGS = NO;
				TARGETED_DEVICE_FAMILY = "1,2";
			};
			name = Release;
		};
		BE6F18E610F158AA00C0FF7F /* Debug */ = {
			isa = XCBuildConfiguration;
			baseConfigurationReference = BEADDF1129C7B74000FCFE95 /* CalcTool.xcconfig */;
			buildSettings = {
				GCC_DYNAMIC_NO_PIC = YES;
				GCC_OPTIMIZATION_LEVEL = 0;
				ONLY_ACTIVE_ARCH = YES;
			};
			name = Debug;
		};
		BE6F18E710F158AA00C0FF7F /* Release */ = {
			isa = XCBuildConfiguration;
			baseConfigurationReference = BEADDF1129C7B74000FCFE95 /* CalcTool.xcconfig */;
			buildSettings = {
				DEBUG_INFORMATION_FORMAT = "dwarf-with-dsym";
			};
			name = Release;
		};
		C05733C808A9546B00998B17 /* Debug */ = {
			isa = XCBuildConfiguration;
			buildSettings = {
				CODE_SIGN_ENTITLEMENTS = PlainCalc2.entitlements;
				COMBINE_HIDPI_IMAGES = YES;
				GCC_DYNAMIC_NO_PIC = NO;
				GCC_OPTIMIZATION_LEVEL = 0;
				INFOPLIST_FILE = "PlainCalc2-Info.plist";
				INFOPLIST_KEY_LSApplicationCategoryType = "public.app-category.utilities";
				INFOPLIST_KEY_NSHumanReadableCopyright = "© James W. Walker, 2006-2023";
				INFOPLIST_KEY_NSMainNibFile = MainMenu;
				INFOPLIST_KEY_NSPrincipalClass = NSApplication;
			};
			name = Debug;
		};
		C05733C908A9546B00998B17 /* Release */ = {
			isa = XCBuildConfiguration;
			buildSettings = {
				CODE_SIGN_ENTITLEMENTS = PlainCalc2.entitlements;
				COMBINE_HIDPI_IMAGES = YES;
				GCC_GENERATE_DEBUGGING_SYMBOLS = NO;
				INFOPLIST_FILE = "PlainCalc2-Info.plist";
				INFOPLIST_KEY_LSApplicationCategoryType = "public.app-category.utilities";
				INFOPLIST_KEY_NSHumanReadableCopyright = "© James W. Walker, 2006-2023";
				INFOPLIST_KEY_NSMainNibFile = MainMenu;
				INFOPLIST_KEY_NSPrincipalClass = NSApplication;
			};
			name = Release;
		};
		C05733CC08A9546B00998B17 /* Debug */ = {
			isa = XCBuildConfiguration;
			baseConfigurationReference = BE47DB5D0B12DF3200081BDA /* PlainCalc.xcconfig */;
			buildSettings = {
				CLANG_WARN_BLOCK_CAPTURE_AUTORELEASING = YES;
				CLANG_WARN_BOOL_CONVERSION = YES;
				CLANG_WARN_COMMA = YES;
				CLANG_WARN_CONSTANT_CONVERSION = YES;
				CLANG_WARN_DEPRECATED_OBJC_IMPLEMENTATIONS = YES;
				CLANG_WARN_EMPTY_BODY = YES;
				CLANG_WARN_ENUM_CONVERSION = YES;
				CLANG_WARN_INFINITE_RECURSION = YES;
				CLANG_WARN_INT_CONVERSION = YES;
				CLANG_WARN_NON_LITERAL_NULL_CONVERSION = YES;
				CLANG_WARN_OBJC_IMPLICIT_RETAIN_SELF = YES;
				CLANG_WARN_OBJC_LITERAL_CONVERSION = YES;
				CLANG_WARN_QUOTED_INCLUDE_IN_FRAMEWORK_HEADER = YES;
				CLANG_WARN_RANGE_LOOP_ANALYSIS = YES;
				CLANG_WARN_STRICT_PROTOTYPES = YES;
				CLANG_WARN_SUSPICIOUS_MOVE = YES;
				CLANG_WARN_UNREACHABLE_CODE = YES;
				CLANG_WARN__DUPLICATE_METHOD_MATCH = YES;
				DEAD_CODE_STRIPPING = YES;
				ENABLE_STRICT_OBJC_MSGSEND = YES;
				ENABLE_TESTABILITY = YES;
				GCC_NO_COMMON_BLOCKS = YES;
				GCC_PREPROCESSOR_DEFINITIONS_NOT_USED_IN_PRECOMPS = "DEBUGGING=1";
				GCC_WARN_64_TO_32_BIT_CONVERSION = YES;
				GCC_WARN_ABOUT_MISSING_PROTOTYPES = YES;
				GCC_WARN_ABOUT_RETURN_TYPE = YES;
				GCC_WARN_HIDDEN_VIRTUAL_FUNCTIONS = YES;
				GCC_WARN_NON_VIRTUAL_DESTRUCTOR = YES;
				GCC_WARN_UNDECLARED_SELECTOR = YES;
				GCC_WARN_UNUSED_FUNCTION = YES;
				GCC_WARN_UNUSED_VARIABLE = YES;
				ONLY_ACTIVE_ARCH = YES;
			};
			name = Debug;
		};
		C05733CD08A9546B00998B17 /* Release */ = {
			isa = XCBuildConfiguration;
			baseConfigurationReference = BE47DB5D0B12DF3200081BDA /* PlainCalc.xcconfig */;
			buildSettings = {
				CLANG_WARN_BLOCK_CAPTURE_AUTORELEASING = YES;
				CLANG_WARN_BOOL_CONVERSION = YES;
				CLANG_WARN_COMMA = YES;
				CLANG_WARN_CONSTANT_CONVERSION = YES;
				CLANG_WARN_DEPRECATED_OBJC_IMPLEMENTATIONS = YES;
				CLANG_WARN_EMPTY_BODY = YES;
				CLANG_WARN_ENUM_CONVERSION = YES;
				CLANG_WARN_INFINITE_RECURSION = YES;
				CLANG_WARN_INT_CONVERSION = YES;
				CLANG_WARN_NON_LITERAL_NULL_CONVERSION = YES;
				CLANG_WARN_OBJC_IMPLICIT_RETAIN_SELF = YES;
				CLANG_WARN_OBJC_LITERAL_CONVERSION = YES;
				CLANG_WARN_QUOTED_INCLUDE_IN_FRAMEWORK_HEADER = YES;
				CLANG_WARN_RANGE_LOOP_ANALYSIS = YES;
				CLANG_WARN_STRICT_PROTOTYPES = YES;
				CLANG_WARN_SUSPICIOUS_MOVE = YES;
				CLANG_WARN_UNREACHABLE_CODE = YES;
				CLANG_WARN__DUPLICATE_METHOD_MATCH = YES;
				DEAD_CODE_STRIPPING = YES;
				DEPLOYMENT_POSTPROCESSING = YES;
				ENABLE_STRICT_OBJC_MSGSEND = YES;
				GCC_NO_COMMON_BLOCKS = YES;
				GCC_WARN_64_TO_32_BIT_CONVERSION = YES;
				GCC_WARN_ABOUT_RETURN_TYPE = YES;
				GCC_WARN_UNDECLARED_SELECTOR = YES;
				GCC_WARN_UNINITIALIZED_AUTOS = YES;
				GCC_WARN_UNUSED_FUNCTION = YES;
				GCC_WARN_UNUSED_VARIABLE = YES;
			};
			name = Release;
		};
/* End XCBuildConfiguration section */

/* Begin XCConfigurationList section */
		BE622D3529D24653003E9662 /* Build configuration list for PBXNativeTarget "PlainCalcTests" */ = {
			isa = XCConfigurationList;
			buildConfigurations = (
				BE622D3329D24653003E9662 /* Debug */,
				BE622D3429D24653003E9662 /* Release */,
			);
			defaultConfigurationIsVisible = 0;
			defaultConfigurationName = Release;
		};
		BE622D6229D2571B003E9662 /* Build configuration list for PBXNativeTarget "MiniCalcTests" */ = {
			isa = XCConfigurationList;
			buildConfigurations = (
				BE622D6329D2571B003E9662 /* Debug */,
				BE622D6429D2571B003E9662 /* Release */,
			);
			defaultConfigurationIsVisible = 0;
			defaultConfigurationName = Release;
		};
		BE6F18E810F158CE00C0FF7F /* Build configuration list for PBXNativeTarget "CalcTool" */ = {
			isa = XCConfigurationList;
			buildConfigurations = (
				BE6F18E610F158AA00C0FF7F /* Debug */,
				BE6F18E710F158AA00C0FF7F /* Release */,
			);
			defaultConfigurationIsVisible = 0;
			defaultConfigurationName = Release;
		};
		C05733C708A9546B00998B17 /* Build configuration list for PBXNativeTarget "PlainCalc2" */ = {
			isa = XCConfigurationList;
			buildConfigurations = (
				C05733C808A9546B00998B17 /* Debug */,
				C05733C908A9546B00998B17 /* Release */,
			);
			defaultConfigurationIsVisible = 0;
			defaultConfigurationName = Release;
		};
		C05733CB08A9546B00998B17 /* Build configuration list for PBXProject "PlainCalc2" */ = {
			isa = XCConfigurationList;
			buildConfigurations = (
				C05733CC08A9546B00998B17 /* Debug */,
				C05733CD08A9546B00998B17 /* Release */,
			);
			defaultConfigurationIsVisible = 0;
			defaultConfigurationName = Release;
		};
/* End XCConfigurationList section */
	};
	rootObject = 2A37F4A9FDCFA73011CA2CEA /* Project object */;
}
